// !$*UTF8*$!
{
	archiveVersion = 1;
	classes = {
	};
	objectVersion = 77;
	objects = {

/* Begin PBXBuildFile section */
		0780B07082D1A864F2FE3693 /* AvailabilityEngineTests.swift in Sources */ = {isa = PBXBuildFile; fileRef = 2621A380AFCA66C4E3322621 /* AvailabilityEngineTests.swift */; };
		0ABBB8B7319AD27D85FE35DE /* ParkingOption.swift in Sources */ = {isa = PBXBuildFile; fileRef = B8BE723E6570E834E8EA34B9 /* ParkingOption.swift */; };
		0BDE8C2CFD3E30337CC0E8C8 /* BundleDataLoader.swift in Sources */ = {isa = PBXBuildFile; fileRef = 9E12F418975CB89F00D2A8D7 /* BundleDataLoader.swift */; };
		121DFA4E3DA4658B00A613D5 /* ParkingModels.swift in Sources */ = {isa = PBXBuildFile; fileRef = 1176ACAAA7148C61CA257D30 /* ParkingModels.swift */; };
		188FBE7F6249148F88CF7743 /* ParkingAPIClientTests.swift in Sources */ = {isa = PBXBuildFile; fileRef = C3994E733C4CF576E362FE9D /* ParkingAPIClientTests.swift */; };
		1D587BAB8D06987673B8F8C8 /* ParkingRepositoryTests.swift in Sources */ = {isa = PBXBuildFile; fileRef = 402224034AD4FA0EC48E2E09 /* ParkingRepositoryTests.swift */; };
		1F2A4FC10BE99675F452E5DD /* historical_availability.json in Resources */ = {isa = PBXBuildFile; fileRef = 66A0FA80F3C9B7EEBB757A14 /* historical_availability.json */; };
		240D7CA62BCFE55E81D0F5AB /* MapControls.swift in Sources */ = {isa = PBXBuildFile; fileRef = C6D50D825383DFD43ED78436 /* MapControls.swift */; };
		3871275AAD7CCAD98853A1F7 /* ParkingAvailabilityApp.swift in Sources */ = {isa = PBXBuildFile; fileRef = 8F3BAA33E6C66A26CB92FD70 /* ParkingAvailabilityApp.swift */; };
		4106C63DC798358A5D5A8FD0 /* ParkingAPIClient.swift in Sources */ = {isa = PBXBuildFile; fileRef = 3817006CCD92751BE18C9547 /* ParkingAPIClient.swift */; };
		4CE487D11BC726EE2BE9254D /* DestinationSearchService.swift in Sources */ = {isa = PBXBuildFile; fileRef = 3C9161C71424E83C9448533B /* DestinationSearchService.swift */; };
		4ECF412C456850F2CBBAD564 /* AvailabilityPin.swift in Sources */ = {isa = PBXBuildFile; fileRef = 235CCD68F4A48A629AE0F450 /* AvailabilityPin.swift */; };
		53F419BF363EB7FA2E43C4CC /* ParkingRepository.swift in Sources */ = {isa = PBXBuildFile; fileRef = 20B238A3C3D3CB665DA1F069 /* ParkingRepository.swift */; };
		5B79626993A971C605D693FE /* zone_metadata.json in Resources */ = {isa = PBXBuildFile; fileRef = E23C392C42892301BD760BEB /* zone_metadata.json */; };
		5BE9E88D1B2AD87DDBD93E78 /* ParkingOptionTests.swift in Sources */ = {isa = PBXBuildFile; fileRef = 791D739FD15BDF4FFC3A5E5E /* ParkingOptionTests.swift */; };
		5DB41534AD8011D417114082 /* ParkingAvailabilityUITests.swift in Sources */ = {isa = PBXBuildFile; fileRef = 9BFADFF3BA9D0A18D736AF11 /* ParkingAvailabilityUITests.swift */; };
		626780F63E2544950F43F828 /* ParkingMapView.swift in Sources */ = {isa = PBXBuildFile; fileRef = A20C0C901068E28B6A1A284C /* ParkingMapView.swift */; };
		66417DDEECFFBB993A6B1717 /* RestrictionEngine.swift in Sources */ = {isa = PBXBuildFile; fileRef = 0B93DBB7E33975F030BAF953 /* RestrictionEngine.swift */; };
		790B5F4E3CD404C8695D23F5 /* AvailabilityEngine.swift in Sources */ = {isa = PBXBuildFile; fileRef = 9FF7811008DC08D988090DE8 /* AvailabilityEngine.swift */; };
		83E27581E884F9FB272875FF /* restrictions.json in Resources */ = {isa = PBXBuildFile; fileRef = B5D694E89CF7D049833D1FB5 /* restrictions.json */; };
		A2A230B346DD66AA500C7765 /* AppEnvironment.swift in Sources */ = {isa = PBXBuildFile; fileRef = 78AA1EC5B08B3DAC11AF5B0A /* AppEnvironment.swift */; };
		AF492BED8BB653C57488A763 /* AppleMapsNavigator.swift in Sources */ = {isa = PBXBuildFile; fileRef = E804E61FDEFB4AFF07CE76C8 /* AppleMapsNavigator.swift */; };
		B1869DB4CC2E49BBE4554D52 /* RestrictionEngineTests.swift in Sources */ = {isa = PBXBuildFile; fileRef = 6EC923ADCBF50926855BAE88 /* RestrictionEngineTests.swift */; };
		C34E5DC25EF0575F8877CA58 /* PredictionRankingCacheTests.swift in Sources */ = {isa = PBXBuildFile; fileRef = AD0C4800DF6A2B45EFD1C663 /* PredictionRankingCacheTests.swift */; };
		CF4D227D16741526AF2090A5 /* ZoneDetailView.swift in Sources */ = {isa = PBXBuildFile; fileRef = 9B3EF16121147C510CB4433D /* ZoneDetailView.swift */; };
		D98AA2C851DC22FB5CBFB73A /* DestinationSearchView.swift in Sources */ = {isa = PBXBuildFile; fileRef = 1EA5895008890EBA54D963F5 /* DestinationSearchView.swift */; };
		DE809A3A2D9C529A13AD417A /* LocationService.swift in Sources */ = {isa = PBXBuildFile; fileRef = 07642F2DA8EBB8F7D20C6924 /* LocationService.swift */; };
		E6AB17086985FAAB7251477F /* OffStreetParkingService.swift in Sources */ = {isa = PBXBuildFile; fileRef = 6FC13BD7782E8B40DA9E7FF5 /* OffStreetParkingService.swift */; };
		EB19C63B0C7972E5BB06CE8E /* ParkingMapViewModel.swift in Sources */ = {isa = PBXBuildFile; fileRef = C4FA46744807E544B0F94EE5 /* ParkingMapViewModel.swift */; };
		EF5C6CCC9FEE93F31F0C4795 /* PredictionEngine.swift in Sources */ = {isa = PBXBuildFile; fileRef = A5791E93BD748B27E3F4D55B /* PredictionEngine.swift */; };
		F181B69F24B2C289070ED7DC /* RankingEngine.swift in Sources */ = {isa = PBXBuildFile; fileRef = DAB02E9B9148357870555FF7 /* RankingEngine.swift */; };
/* End PBXBuildFile section */

/* Begin PBXContainerItemProxy section */
		5CC33F9BA03AF061271F3A90 /* PBXContainerItemProxy */ = {
			isa = PBXContainerItemProxy;
			containerPortal = 82D82AE6F7C4BF7F04B83480 /* Project object */;
			proxyType = 1;
			remoteGlobalIDString = 8C8A32CC876133603051ED78;
			remoteInfo = ParkingAvailability;
		};
		DB3F122F155AFB76F6927348 /* PBXContainerItemProxy */ = {
			isa = PBXContainerItemProxy;
			containerPortal = 82D82AE6F7C4BF7F04B83480 /* Project object */;
			proxyType = 1;
			remoteGlobalIDString = 8C8A32CC876133603051ED78;
			remoteInfo = ParkingAvailability;
		};
/* End PBXContainerItemProxy section */

/* Begin PBXFileReference section */
		07642F2DA8EBB8F7D20C6924 /* LocationService.swift */ = {isa = PBXFileReference; lastKnownFileType = sourcecode.swift; path = LocationService.swift; sourceTree = "<group>"; };
		0B93DBB7E33975F030BAF953 /* RestrictionEngine.swift */ = {isa = PBXFileReference; lastKnownFileType = sourcecode.swift; path = RestrictionEngine.swift; sourceTree = "<group>"; };
		1176ACAAA7148C61CA257D30 /* ParkingModels.swift */ = {isa = PBXFileReference; lastKnownFileType = sourcecode.swift; path = ParkingModels.swift; sourceTree = "<group>"; };
		1EA5895008890EBA54D963F5 /* DestinationSearchView.swift */ = {isa = PBXFileReference; lastKnownFileType = sourcecode.swift; path = DestinationSearchView.swift; sourceTree = "<group>"; };
		20B238A3C3D3CB665DA1F069 /* ParkingRepository.swift */ = {isa = PBXFileReference; lastKnownFileType = sourcecode.swift; path = ParkingRepository.swift; sourceTree = "<group>"; };
		235CCD68F4A48A629AE0F450 /* AvailabilityPin.swift */ = {isa = PBXFileReference; lastKnownFileType = sourcecode.swift; path = AvailabilityPin.swift; sourceTree = "<group>"; };
		2621A380AFCA66C4E3322621 /* AvailabilityEngineTests.swift */ = {isa = PBXFileReference; lastKnownFileType = sourcecode.swift; path = AvailabilityEngineTests.swift; sourceTree = "<group>"; };
		274B5B2E31EDD20C74017454 /* ParkingAvailabilityTests.xctest */ = {isa = PBXFileReference; includeInIndex = 0; lastKnownFileType = wrapper.cfbundle; path = ParkingAvailabilityTests.xctest; sourceTree = BUILT_PRODUCTS_DIR; };
		3817006CCD92751BE18C9547 /* ParkingAPIClient.swift */ = {isa = PBXFileReference; lastKnownFileType = sourcecode.swift; path = ParkingAPIClient.swift; sourceTree = "<group>"; };
		3C9161C71424E83C9448533B /* DestinationSearchService.swift */ = {isa = PBXFileReference; lastKnownFileType = sourcecode.swift; path = DestinationSearchService.swift; sourceTree = "<group>"; };
		402224034AD4FA0EC48E2E09 /* ParkingRepositoryTests.swift */ = {isa = PBXFileReference; lastKnownFileType = sourcecode.swift; path = ParkingRepositoryTests.swift; sourceTree = "<group>"; };
		66A0FA80F3C9B7EEBB757A14 /* historical_availability.json */ = {isa = PBXFileReference; lastKnownFileType = text.json; path = historical_availability.json; sourceTree = "<group>"; };
		6EC923ADCBF50926855BAE88 /* RestrictionEngineTests.swift */ = {isa = PBXFileReference; lastKnownFileType = sourcecode.swift; path = RestrictionEngineTests.swift; sourceTree = "<group>"; };
		6FC13BD7782E8B40DA9E7FF5 /* OffStreetParkingService.swift */ = {isa = PBXFileReference; lastKnownFileType = sourcecode.swift; path = OffStreetParkingService.swift; sourceTree = "<group>"; };
		78AA1EC5B08B3DAC11AF5B0A /* AppEnvironment.swift */ = {isa = PBXFileReference; lastKnownFileType = sourcecode.swift; path = AppEnvironment.swift; sourceTree = "<group>"; };
		791D739FD15BDF4FFC3A5E5E /* ParkingOptionTests.swift */ = {isa = PBXFileReference; lastKnownFileType = sourcecode.swift; path = ParkingOptionTests.swift; sourceTree = "<group>"; };
		8F3BAA33E6C66A26CB92FD70 /* ParkingAvailabilityApp.swift */ = {isa = PBXFileReference; lastKnownFileType = sourcecode.swift; path = ParkingAvailabilityApp.swift; sourceTree = "<group>"; };
		9B3EF16121147C510CB4433D /* ZoneDetailView.swift */ = {isa = PBXFileReference; lastKnownFileType = sourcecode.swift; path = ZoneDetailView.swift; sourceTree = "<group>"; };
		9BFADFF3BA9D0A18D736AF11 /* ParkingAvailabilityUITests.swift */ = {isa = PBXFileReference; lastKnownFileType = sourcecode.swift; path = ParkingAvailabilityUITests.swift; sourceTree = "<group>"; };
		9E12F418975CB89F00D2A8D7 /* BundleDataLoader.swift */ = {isa = PBXFileReference; lastKnownFileType = sourcecode.swift; path = BundleDataLoader.swift; sourceTree = "<group>"; };
		9FF7811008DC08D988090DE8 /* AvailabilityEngine.swift */ = {isa = PBXFileReference; lastKnownFileType = sourcecode.swift; path = AvailabilityEngine.swift; sourceTree = "<group>"; };
		A20C0C901068E28B6A1A284C /* ParkingMapView.swift */ = {isa = PBXFileReference; lastKnownFileType = sourcecode.swift; path = ParkingMapView.swift; sourceTree = "<group>"; };
		A5791E93BD748B27E3F4D55B /* PredictionEngine.swift */ = {isa = PBXFileReference; lastKnownFileType = sourcecode.swift; path = PredictionEngine.swift; sourceTree = "<group>"; };
		AD0C4800DF6A2B45EFD1C663 /* PredictionRankingCacheTests.swift */ = {isa = PBXFileReference; lastKnownFileType = sourcecode.swift; path = PredictionRankingCacheTests.swift; sourceTree = "<group>"; };
		B5D694E89CF7D049833D1FB5 /* restrictions.json */ = {isa = PBXFileReference; lastKnownFileType = text.json; path = restrictions.json; sourceTree = "<group>"; };
		B8BE723E6570E834E8EA34B9 /* ParkingOption.swift */ = {isa = PBXFileReference; lastKnownFileType = sourcecode.swift; path = ParkingOption.swift; sourceTree = "<group>"; };
		C24935200679267BD5A8919E /* ParkingAvailability.app */ = {isa = PBXFileReference; includeInIndex = 0; lastKnownFileType = wrapper.application; path = ParkingAvailability.app; sourceTree = BUILT_PRODUCTS_DIR; };
		C3994E733C4CF576E362FE9D /* ParkingAPIClientTests.swift */ = {isa = PBXFileReference; lastKnownFileType = sourcecode.swift; path = ParkingAPIClientTests.swift; sourceTree = "<group>"; };
		C4FA46744807E544B0F94EE5 /* ParkingMapViewModel.swift */ = {isa = PBXFileReference; lastKnownFileType = sourcecode.swift; path = ParkingMapViewModel.swift; sourceTree = "<group>"; };
		C6D50D825383DFD43ED78436 /* MapControls.swift */ = {isa = PBXFileReference; lastKnownFileType = sourcecode.swift; path = MapControls.swift; sourceTree = "<group>"; };
		DA996D4FCC93C3C915B5B7F7 /* ParkingAvailabilityUITests.xctest */ = {isa = PBXFileReference; includeInIndex = 0; lastKnownFileType = wrapper.cfbundle; path = ParkingAvailabilityUITests.xctest; sourceTree = BUILT_PRODUCTS_DIR; };
		DAB02E9B9148357870555FF7 /* RankingEngine.swift */ = {isa = PBXFileReference; lastKnownFileType = sourcecode.swift; path = RankingEngine.swift; sourceTree = "<group>"; };
		E23C392C42892301BD760BEB /* zone_metadata.json */ = {isa = PBXFileReference; lastKnownFileType = text.json; path = zone_metadata.json; sourceTree = "<group>"; };
		E804E61FDEFB4AFF07CE76C8 /* AppleMapsNavigator.swift */ = {isa = PBXFileReference; lastKnownFileType = sourcecode.swift; path = AppleMapsNavigator.swift; sourceTree = "<group>"; };
/* End PBXFileReference section */

/* Begin PBXGroup section */
		0819CEEE0A6D6DFD0C709F9E /* Map */ = {
			isa = PBXGroup;
			children = (
				235CCD68F4A48A629AE0F450 /* AvailabilityPin.swift */,
				C6D50D825383DFD43ED78436 /* MapControls.swift */,
				A20C0C901068E28B6A1A284C /* ParkingMapView.swift */,
				C4FA46744807E544B0F94EE5 /* ParkingMapViewModel.swift */,
			);
			path = Map;
			sourceTree = "<group>";
		};
		0AA554086CE40309C2177C10 /* Data */ = {
			isa = PBXGroup;
			children = (
				9E12F418975CB89F00D2A8D7 /* BundleDataLoader.swift */,
				3817006CCD92751BE18C9547 /* ParkingAPIClient.swift */,
				20B238A3C3D3CB665DA1F069 /* ParkingRepository.swift */,
			);
			path = Data;
			sourceTree = "<group>";
		};
		4382030229EC87263EA92415 /* App */ = {
			isa = PBXGroup;
			children = (
				78AA1EC5B08B3DAC11AF5B0A /* AppEnvironment.swift */,
				8F3BAA33E6C66A26CB92FD70 /* ParkingAvailabilityApp.swift */,
			);
			path = App;
			sourceTree = "<group>";
		};
		4DEF4E261AAEC0F1142D0C2C /* ZoneDetail */ = {
			isa = PBXGroup;
			children = (
				9B3EF16121147C510CB4433D /* ZoneDetailView.swift */,
			);
			path = ZoneDetail;
			sourceTree = "<group>";
		};
		51CB5131593DEF6F995F7689 /* Generated */ = {
			isa = PBXGroup;
			children = (
				66A0FA80F3C9B7EEBB757A14 /* historical_availability.json */,
				B5D694E89CF7D049833D1FB5 /* restrictions.json */,
				E23C392C42892301BD760BEB /* zone_metadata.json */,
			);
			path = Generated;
			sourceTree = "<group>";
		};
		53D3C478275D334BB3D533E4 = {
			isa = PBXGroup;
			children = (
				A9D07882818E34BF2B424B14 /* ParkingAvailability */,
				FA407DD3D4E920654DF5F5A2 /* ParkingAvailabilityTests */,
				84211D6BE2CD9C2D47ECA479 /* ParkingAvailabilityUITests */,
				EFF2AB1313B832E7C71592A9 /* Products */,
			);
			sourceTree = "<group>";
		};
		84211D6BE2CD9C2D47ECA479 /* ParkingAvailabilityUITests */ = {
			isa = PBXGroup;
			children = (
				9BFADFF3BA9D0A18D736AF11 /* ParkingAvailabilityUITests.swift */,
			);
			path = ParkingAvailabilityUITests;
			sourceTree = "<group>";
		};
		8A014EA75A556A01F32203FC /* Search */ = {
			isa = PBXGroup;
			children = (
				1EA5895008890EBA54D963F5 /* DestinationSearchView.swift */,
			);
			path = Search;
			sourceTree = "<group>";
		};
		8CE822CA66EB33D8D1D9DC62 /* Features */ = {
			isa = PBXGroup;
			children = (
				0819CEEE0A6D6DFD0C709F9E /* Map */,
				8A014EA75A556A01F32203FC /* Search */,
				4DEF4E261AAEC0F1142D0C2C /* ZoneDetail */,
			);
			path = Features;
			sourceTree = "<group>";
		};
		957E4BEF55E9F423B41C0517 /* Domain */ = {
			isa = PBXGroup;
			children = (
				9FF7811008DC08D988090DE8 /* AvailabilityEngine.swift */,
				1176ACAAA7148C61CA257D30 /* ParkingModels.swift */,
				B8BE723E6570E834E8EA34B9 /* ParkingOption.swift */,
				A5791E93BD748B27E3F4D55B /* PredictionEngine.swift */,
				DAB02E9B9148357870555FF7 /* RankingEngine.swift */,
				0B93DBB7E33975F030BAF953 /* RestrictionEngine.swift */,
			);
			path = Domain;
			sourceTree = "<group>";
		};
		A9D07882818E34BF2B424B14 /* ParkingAvailability */ = {
			isa = PBXGroup;
			children = (
				4382030229EC87263EA92415 /* App */,
				0AA554086CE40309C2177C10 /* Data */,
				957E4BEF55E9F423B41C0517 /* Domain */,
				8CE822CA66EB33D8D1D9DC62 /* Features */,
				EC6CEF33E0E29D2DFB4B640C /* Resources */,
				D4F91C52B98D02A0102EE204 /* Services */,
			);
			path = ParkingAvailability;
			sourceTree = "<group>";
		};
		D4F91C52B98D02A0102EE204 /* Services */ = {
			isa = PBXGroup;
			children = (
				E804E61FDEFB4AFF07CE76C8 /* AppleMapsNavigator.swift */,
				3C9161C71424E83C9448533B /* DestinationSearchService.swift */,
				07642F2DA8EBB8F7D20C6924 /* LocationService.swift */,
				6FC13BD7782E8B40DA9E7FF5 /* OffStreetParkingService.swift */,
			);
			path = Services;
			sourceTree = "<group>";
		};
		EC6CEF33E0E29D2DFB4B640C /* Resources */ = {
			isa = PBXGroup;
			children = (
				51CB5131593DEF6F995F7689 /* Generated */,
			);
			path = Resources;
			sourceTree = "<group>";
		};
		EFF2AB1313B832E7C71592A9 /* Products */ = {
			isa = PBXGroup;
			children = (
				C24935200679267BD5A8919E /* ParkingAvailability.app */,
				274B5B2E31EDD20C74017454 /* ParkingAvailabilityTests.xctest */,
				DA996D4FCC93C3C915B5B7F7 /* ParkingAvailabilityUITests.xctest */,
			);
			name = Products;
			sourceTree = "<group>";
		};
		FA407DD3D4E920654DF5F5A2 /* ParkingAvailabilityTests */ = {
			isa = PBXGroup;
			children = (
				2621A380AFCA66C4E3322621 /* AvailabilityEngineTests.swift */,
				C3994E733C4CF576E362FE9D /* ParkingAPIClientTests.swift */,
				791D739FD15BDF4FFC3A5E5E /* ParkingOptionTests.swift */,
				402224034AD4FA0EC48E2E09 /* ParkingRepositoryTests.swift */,
				AD0C4800DF6A2B45EFD1C663 /* PredictionRankingCacheTests.swift */,
				6EC923ADCBF50926855BAE88 /* RestrictionEngineTests.swift */,
			);
			path = ParkingAvailabilityTests;
			sourceTree = "<group>";
		};
/* End PBXGroup section */

/* Begin PBXNativeTarget section */
		8C8A32CC876133603051ED78 /* ParkingAvailability */ = {
			isa = PBXNativeTarget;
			buildConfigurationList = CA8CB05AE8ACE68EEA5EB3C2 /* Build configuration list for PBXNativeTarget "ParkingAvailability" */;
			buildPhases = (
				B7B32827D3C81840DE3239FF /* Sources */,
				5B47862F109FB87045E8863D /* Resources */,
			);
			buildRules = (
			);
			dependencies = (
			);
			name = ParkingAvailability;
			packageProductDependencies = (
			);
			productName = ParkingAvailability;
			productReference = C24935200679267BD5A8919E /* ParkingAvailability.app */;
			productType = "com.apple.product-type.application";
		};
		A8960F2C528CBCCBE8E68989 /* ParkingAvailabilityUITests */ = {
			isa = PBXNativeTarget;
			buildConfigurationList = FD92315EFE4A11AA5AA1B162 /* Build configuration list for PBXNativeTarget "ParkingAvailabilityUITests" */;
			buildPhases = (
				17BCD4C4954A4A135D3BD28A /* Sources */,
			);
			buildRules = (
			);
			dependencies = (
				5EC756A187CD9C310AE98CAE /* PBXTargetDependency */,
			);
			name = ParkingAvailabilityUITests;
			packageProductDependencies = (
			);
			productName = ParkingAvailabilityUITests;
			productReference = DA996D4FCC93C3C915B5B7F7 /* ParkingAvailabilityUITests.xctest */;
			productType = "com.apple.product-type.bundle.ui-testing";
		};
		D16550A1CD72D983E0D1C891 /* ParkingAvailabilityTests */ = {
			isa = PBXNativeTarget;
			buildConfigurationList = 3D5EEFAD9597F0E581E5F692 /* Build configuration list for PBXNativeTarget "ParkingAvailabilityTests" */;
			buildPhases = (
				4F505E1B144C142F4334C4FA /* Sources */,
			);
			buildRules = (
			);
			dependencies = (
				496BCFF04608FE9C6AC28598 /* PBXTargetDependency */,
			);
			name = ParkingAvailabilityTests;
			packageProductDependencies = (
			);
			productName = ParkingAvailabilityTests;
			productReference = 274B5B2E31EDD20C74017454 /* ParkingAvailabilityTests.xctest */;
			productType = "com.apple.product-type.bundle.unit-test";
		};
/* End PBXNativeTarget section */

/* Begin PBXProject section */
		82D82AE6F7C4BF7F04B83480 /* Project object */ = {
			isa = PBXProject;
			attributes = {
				BuildIndependentTargetsInParallel = YES;
				LastUpgradeCheck = 1430;
				TargetAttributes = {
					8C8A32CC876133603051ED78 = {
						ProvisioningStyle = Automatic;
					};
					A8960F2C528CBCCBE8E68989 = {
						ProvisioningStyle = Automatic;
						TestTargetID = 8C8A32CC876133603051ED78;
					};
					D16550A1CD72D983E0D1C891 = {
						ProvisioningStyle = Automatic;
					};
				};
			};
			buildConfigurationList = 6A6712262020D39309A88AD9 /* Build configuration list for PBXProject "ParkingAvailability" */;
			developmentRegion = en;
			hasScannedForEncodings = 0;
			knownRegions = (
				Base,
				en,
			);
			mainGroup = 53D3C478275D334BB3D533E4;
			minimizedProjectReferenceProxies = 1;
			preferredProjectObjectVersion = 77;
			productRefGroup = EFF2AB1313B832E7C71592A9 /* Products */;
			projectDirPath = "";
			projectRoot = "";
			targets = (
				8C8A32CC876133603051ED78 /* ParkingAvailability */,
				D16550A1CD72D983E0D1C891 /* ParkingAvailabilityTests */,
				A8960F2C528CBCCBE8E68989 /* ParkingAvailabilityUITests */,
			);
		};
/* End PBXProject section */

/* Begin PBXResourcesBuildPhase section */
		5B47862F109FB87045E8863D /* Resources */ = {
			isa = PBXResourcesBuildPhase;
			buildActionMask = 2147483647;
			files = (
				1F2A4FC10BE99675F452E5DD /* historical_availability.json in Resources */,
				83E27581E884F9FB272875FF /* restrictions.json in Resources */,
				5B79626993A971C605D693FE /* zone_metadata.json in Resources */,
			);
			runOnlyForDeploymentPostprocessing = 0;
		};
/* End PBXResourcesBuildPhase section */

/* Begin PBXSourcesBuildPhase section */
		17BCD4C4954A4A135D3BD28A /* Sources */ = {
			isa = PBXSourcesBuildPhase;
			buildActionMask = 2147483647;
			files = (
				5DB41534AD8011D417114082 /* ParkingAvailabilityUITests.swift in Sources */,
			);
			runOnlyForDeploymentPostprocessing = 0;
		};
		4F505E1B144C142F4334C4FA /* Sources */ = {
			isa = PBXSourcesBuildPhase;
			buildActionMask = 2147483647;
			files = (
				0780B07082D1A864F2FE3693 /* AvailabilityEngineTests.swift in Sources */,
				188FBE7F6249148F88CF7743 /* ParkingAPIClientTests.swift in Sources */,
				5BE9E88D1B2AD87DDBD93E78 /* ParkingOptionTests.swift in Sources */,
				1D587BAB8D06987673B8F8C8 /* ParkingRepositoryTests.swift in Sources */,
				C34E5DC25EF0575F8877CA58 /* PredictionRankingCacheTests.swift in Sources */,
				B1869DB4CC2E49BBE4554D52 /* RestrictionEngineTests.swift in Sources */,
			);
			runOnlyForDeploymentPostprocessing = 0;
		};
		B7B32827D3C81840DE3239FF /* Sources */ = {
			isa = PBXSourcesBuildPhase;
			buildActionMask = 2147483647;
			files = (
				A2A230B346DD66AA500C7765 /* AppEnvironment.swift in Sources */,
				AF492BED8BB653C57488A763 /* AppleMapsNavigator.swift in Sources */,
				790B5F4E3CD404C8695D23F5 /* AvailabilityEngine.swift in Sources */,
				4ECF412C456850F2CBBAD564 /* AvailabilityPin.swift in Sources */,
				0BDE8C2CFD3E30337CC0E8C8 /* BundleDataLoader.swift in Sources */,
				4CE487D11BC726EE2BE9254D /* DestinationSearchService.swift in Sources */,
				D98AA2C851DC22FB5CBFB73A /* DestinationSearchView.swift in Sources */,
				DE809A3A2D9C529A13AD417A /* LocationService.swift in Sources */,
				240D7CA62BCFE55E81D0F5AB /* MapControls.swift in Sources */,
				E6AB17086985FAAB7251477F /* OffStreetParkingService.swift in Sources */,
				4106C63DC798358A5D5A8FD0 /* ParkingAPIClient.swift in Sources */,
				3871275AAD7CCAD98853A1F7 /* ParkingAvailabilityApp.swift in Sources */,
				626780F63E2544950F43F828 /* ParkingMapView.swift in Sources */,
				EB19C63B0C7972E5BB06CE8E /* ParkingMapViewModel.swift in Sources */,
				121DFA4E3DA4658B00A613D5 /* ParkingModels.swift in Sources */,
				0ABBB8B7319AD27D85FE35DE /* ParkingOption.swift in Sources */,
				53F419BF363EB7FA2E43C4CC /* ParkingRepository.swift in Sources */,
				EF5C6CCC9FEE93F31F0C4795 /* PredictionEngine.swift in Sources */,
				F181B69F24B2C289070ED7DC /* RankingEngine.swift in Sources */,
				66417DDEECFFBB993A6B1717 /* RestrictionEngine.swift in Sources */,
				CF4D227D16741526AF2090A5 /* ZoneDetailView.swift in Sources */,
			);
			runOnlyForDeploymentPostprocessing = 0;
		};
/* End PBXSourcesBuildPhase section */

/* Begin PBXTargetDependency section */
		496BCFF04608FE9C6AC28598 /* PBXTargetDependency */ = {
			isa = PBXTargetDependency;
			target = 8C8A32CC876133603051ED78 /* ParkingAvailability */;
			targetProxy = DB3F122F155AFB76F6927348 /* PBXContainerItemProxy */;
		};
		5EC756A187CD9C310AE98CAE /* PBXTargetDependency */ = {
			isa = PBXTargetDependency;
			target = 8C8A32CC876133603051ED78 /* ParkingAvailability */;
			targetProxy = 5CC33F9BA03AF061271F3A90 /* PBXContainerItemProxy */;
		};
/* End PBXTargetDependency section */

/* Begin XCBuildConfiguration section */
		2149BE150E894531044D2265 /* Release */ = {
			isa = XCBuildConfiguration;
			buildSettings = {
				ALWAYS_SEARCH_USER_PATHS = NO;
				ASSETCATALOG_COMPILER_GENERATE_SWIFT_ASSET_SYMBOL_EXTENSIONS = YES;
				CLANG_ANALYZER_NONNULL = YES;
				CLANG_ANALYZER_NUMBER_OBJECT_CONVERSION = YES_AGGRESSIVE;
				CLANG_CXX_LANGUAGE_STANDARD = "gnu++14";
				CLANG_CXX_LIBRARY = "libc++";
				CLANG_ENABLE_MODULES = YES;
				CLANG_ENABLE_OBJC_ARC = YES;
				CLANG_ENABLE_OBJC_WEAK = YES;
				CLANG_WARN_BLOCK_CAPTURE_AUTORELEASING = YES;
				CLANG_WARN_BOOL_CONVERSION = YES;
				CLANG_WARN_COMMA = YES;
				CLANG_WARN_CONSTANT_CONVERSION = YES;
				CLANG_WARN_DEPRECATED_OBJC_IMPLEMENTATIONS = YES;
				CLANG_WARN_DIRECT_OBJC_ISA_USAGE = YES_ERROR;
				CLANG_WARN_DOCUMENTATION_COMMENTS = YES;
				CLANG_WARN_EMPTY_BODY = YES;
				CLANG_WARN_ENUM_CONVERSION = YES;
				CLANG_WARN_INFINITE_RECURSION = YES;
				CLANG_WARN_INT_CONVERSION = YES;
				CLANG_WARN_NON_LITERAL_NULL_CONVERSION = YES;
				CLANG_WARN_OBJC_IMPLICIT_RETAIN_SELF = YES;
				CLANG_WARN_OBJC_LITERAL_CONVERSION = YES;
				CLANG_WARN_OBJC_ROOT_CLASS = YES_ERROR;
				CLANG_WARN_QUOTED_INCLUDE_IN_FRAMEWORK_HEADER = YES;
				CLANG_WARN_RANGE_LOOP_ANALYSIS = YES;
				CLANG_WARN_STRICT_PROTOTYPES = YES;
				CLANG_WARN_SUSPICIOUS_MOVE = YES;
				CLANG_WARN_UNGUARDED_AVAILABILITY = YES_AGGRESSIVE;
				CLANG_WARN_UNREACHABLE_CODE = YES;
				CLANG_WARN__DUPLICATE_METHOD_MATCH = YES;
				CODE_SIGN_STYLE = Automatic;
				COPY_PHASE_STRIP = NO;
				CURRENT_PROJECT_VERSION = 1;
				DEBUG_INFORMATION_FORMAT = "dwarf-with-dsym";
				ENABLE_NS_ASSERTIONS = NO;
				ENABLE_STRICT_OBJC_MSGSEND = YES;
				ENABLE_USER_SCRIPT_SANDBOXING = YES;
				GCC_C_LANGUAGE_STANDARD = gnu11;
				GCC_NO_COMMON_BLOCKS = YES;
				GCC_WARN_64_TO_32_BIT_CONVERSION = YES;
				GCC_WARN_ABOUT_RETURN_TYPE = YES_ERROR;
				GCC_WARN_UNDECLARED_SELECTOR = YES;
				GCC_WARN_UNINITIALIZED_AUTOS = YES_AGGRESSIVE;
				GCC_WARN_UNUSED_FUNCTION = YES;
				GCC_WARN_UNUSED_VARIABLE = YES;
				IPHONEOS_DEPLOYMENT_TARGET = 17.0;
				MARKETING_VERSION = 1.0;
				MTL_ENABLE_DEBUG_INFO = NO;
				MTL_FAST_MATH = YES;
				PRODUCT_NAME = "$(TARGET_NAME)";
				SDKROOT = iphoneos;
				SWIFT_COMPILATION_MODE = wholemodule;
				SWIFT_OPTIMIZATION_LEVEL = "-O";
				SWIFT_VERSION = 6.0;
			};
			name = Release;
		};
		41FA22ADF73A43ADB69E8C59 /* Debug */ = {
			isa = XCBuildConfiguration;
			buildSettings = {
				BUNDLE_LOADER = "$(TEST_HOST)";
				GENERATE_INFOPLIST_FILE = YES;
				LD_RUNPATH_SEARCH_PATHS = (
					"$(inherited)",
					"@executable_path/Frameworks",
					"@loader_path/Frameworks",
				);
				PRODUCT_BUNDLE_IDENTIFIER = com.sidkrishnan.ParkingAvailabilityTests;
				SDKROOT = iphoneos;
				TARGETED_DEVICE_FAMILY = "1,2";
				TEST_HOST = "$(BUILT_PRODUCTS_DIR)/ParkingAvailability.app/ParkingAvailability";
			};
			name = Debug;
		};
		4A046CE71B47FEFAA26D85F5 /* Debug */ = {
			isa = XCBuildConfiguration;
			buildSettings = {
				BUNDLE_LOADER = "$(TEST_HOST)";
				GENERATE_INFOPLIST_FILE = YES;
				LD_RUNPATH_SEARCH_PATHS = (
					"$(inherited)",
					"@executable_path/Frameworks",
					"@loader_path/Frameworks",
				);
				PRODUCT_BUNDLE_IDENTIFIER = com.sidkrishnan.ParkingAvailabilityUITests;
				SDKROOT = iphoneos;
				TARGETED_DEVICE_FAMILY = "1,2";
				TEST_TARGET_NAME = ParkingAvailability;
			};
			name = Debug;
		};
		7EA6A169C8725DCAD73C153A /* Debug */ = {
			isa = XCBuildConfiguration;
			buildSettings = {
				ALWAYS_SEARCH_USER_PATHS = NO;
				ASSETCATALOG_COMPILER_GENERATE_SWIFT_ASSET_SYMBOL_EXTENSIONS = YES;
				CLANG_ANALYZER_NONNULL = YES;
				CLANG_ANALYZER_NUMBER_OBJECT_CONVERSION = YES_AGGRESSIVE;
				CLANG_CXX_LANGUAGE_STANDARD = "gnu++14";
				CLANG_CXX_LIBRARY = "libc++";
				CLANG_ENABLE_MODULES = YES;
				CLANG_ENABLE_OBJC_ARC = YES;
				CLANG_ENABLE_OBJC_WEAK = YES;
				CLANG_WARN_BLOCK_CAPTURE_AUTORELEASING = YES;
				CLANG_WARN_BOOL_CONVERSION = YES;
				CLANG_WARN_COMMA = YES;
				CLANG_WARN_CONSTANT_CONVERSION = YES;
				CLANG_WARN_DEPRECATED_OBJC_IMPLEMENTATIONS = YES;
				CLANG_WARN_DIRECT_OBJC_ISA_USAGE = YES_ERROR;
				CLANG_WARN_DOCUMENTATION_COMMENTS = YES;
				CLANG_WARN_EMPTY_BODY = YES;
				CLANG_WARN_ENUM_CONVERSION = YES;
				CLANG_WARN_INFINITE_RECURSION = YES;
				CLANG_WARN_INT_CONVERSION = YES;
				CLANG_WARN_NON_LITERAL_NULL_CONVERSION = YES;
				CLANG_WARN_OBJC_IMPLICIT_RETAIN_SELF = YES;
				CLANG_WARN_OBJC_LITERAL_CONVERSION = YES;
				CLANG_WARN_OBJC_ROOT_CLASS = YES_ERROR;
				CLANG_WARN_QUOTED_INCLUDE_IN_FRAMEWORK_HEADER = YES;
				CLANG_WARN_RANGE_LOOP_ANALYSIS = YES;
				CLANG_WARN_STRICT_PROTOTYPES = YES;
				CLANG_WARN_SUSPICIOUS_MOVE = YES;
				CLANG_WARN_UNGUARDED_AVAILABILITY = YES_AGGRESSIVE;
				CLANG_WARN_UNREACHABLE_CODE = YES;
				CLANG_WARN__DUPLICATE_METHOD_MATCH = YES;
				CODE_SIGN_STYLE = Automatic;
				COPY_PHASE_STRIP = NO;
				CURRENT_PROJECT_VERSION = 1;
				DEBUG_INFORMATION_FORMAT = dwarf;
				ENABLE_STRICT_OBJC_MSGSEND = YES;
				ENABLE_TESTABILITY = YES;
				ENABLE_USER_SCRIPT_SANDBOXING = YES;
				GCC_C_LANGUAGE_STANDARD = gnu11;
				GCC_DYNAMIC_NO_PIC = NO;
				GCC_NO_COMMON_BLOCKS = YES;
				GCC_OPTIMIZATION_LEVEL = 0;
				GCC_PREPROCESSOR_DEFINITIONS = (
					"$(inherited)",
					"DEBUG=1",
				);
				GCC_WARN_64_TO_32_BIT_CONVERSION = YES;
				GCC_WARN_ABOUT_RETURN_TYPE = YES_ERROR;
				GCC_WARN_UNDECLARED_SELECTOR = YES;
				GCC_WARN_UNINITIALIZED_AUTOS = YES_AGGRESSIVE;
				GCC_WARN_UNUSED_FUNCTION = YES;
				GCC_WARN_UNUSED_VARIABLE = YES;
				IPHONEOS_DEPLOYMENT_TARGET = 17.0;
				MARKETING_VERSION = 1.0;
				MTL_ENABLE_DEBUG_INFO = INCLUDE_SOURCE;
				MTL_FAST_MATH = YES;
				ONLY_ACTIVE_ARCH = YES;
				PRODUCT_NAME = "$(TARGET_NAME)";
				SDKROOT = iphoneos;
				SWIFT_ACTIVE_COMPILATION_CONDITIONS = DEBUG;
				SWIFT_OPTIMIZATION_LEVEL = "-Onone";
				SWIFT_VERSION = 6.0;
			};
			name = Debug;
		};
		842FE0679E81A072AB1B2E69 /* Release */ = {
			isa = XCBuildConfiguration;
			buildSettings = {
				ASSETCATALOG_COMPILER_APPICON_NAME = AppIcon;
				CODE_SIGN_IDENTITY = "iPhone Developer";
				GENERATE_INFOPLIST_FILE = YES;
				INFOPLIST_KEY_CFBundleDisplayName = ParkAlong;
				INFOPLIST_KEY_NSLocationWhenInUseUsageDescription = "Your location helps find parking near you. You can keep using destination search without it.";
				INFOPLIST_KEY_UIApplicationSceneManifest_Generation = YES;
				INFOPLIST_KEY_UILaunchScreen_Generation = YES;
				INFOPLIST_KEY_UISupportedInterfaceOrientations_iPhone = UIInterfaceOrientationPortrait;
				LD_RUNPATH_SEARCH_PATHS = (
					"$(inherited)",
					"@executable_path/Frameworks",
				);
				PRODUCT_BUNDLE_IDENTIFIER = com.sidkrishnan.ParkingAvailability;
				SDKROOT = iphoneos;
				SUPPORTS_MACCATALYST = NO;
				TARGETED_DEVICE_FAMILY = 1;
			};
			name = Release;
		};
		8DCE3F2A88AE455E485641FE /* Release */ = {
			isa = XCBuildConfiguration;
			buildSettings = {
				BUNDLE_LOADER = "$(TEST_HOST)";
				GENERATE_INFOPLIST_FILE = YES;
				LD_RUNPATH_SEARCH_PATHS = (
					"$(inherited)",
					"@executable_path/Frameworks",
					"@loader_path/Frameworks",
				);
				PRODUCT_BUNDLE_IDENTIFIER = com.sidkrishnan.ParkingAvailabilityTests;
				SDKROOT = iphoneos;
				TARGETED_DEVICE_FAMILY = "1,2";
				TEST_HOST = "$(BUILT_PRODUCTS_DIR)/ParkingAvailability.app/ParkingAvailability";
			};
			name = Release;
		};
		AC83BB80B728459A0927A1D4 /* Debug */ = {
			isa = XCBuildConfiguration;
			buildSettings = {
				ASSETCATALOG_COMPILER_APPICON_NAME = AppIcon;
				CODE_SIGN_IDENTITY = "iPhone Developer";
				GENERATE_INFOPLIST_FILE = YES;
				INFOPLIST_KEY_CFBundleDisplayName = ParkAlong;
				INFOPLIST_KEY_NSLocationWhenInUseUsageDescription = "Your location helps find parking near you. You can keep using destination search without it.";
				INFOPLIST_KEY_UIApplicationSceneManifest_Generation = YES;
				INFOPLIST_KEY_UILaunchScreen_Generation = YES;
				INFOPLIST_KEY_UISupportedInterfaceOrientations_iPhone = UIInterfaceOrientationPortrait;
				LD_RUNPATH_SEARCH_PATHS = (
					"$(inherited)",
					"@executable_path/Frameworks",
				);
				PRODUCT_BUNDLE_IDENTIFIER = com.sidkrishnan.ParkingAvailability;
				SDKROOT = iphoneos;
				SUPPORTS_MACCATALYST = NO;
				TARGETED_DEVICE_FAMILY = 1;
			};
			name = Debug;
		};
		CF16861A83735B4BBA5E3A56 /* Release */ = {
			isa = XCBuildConfiguration;
			buildSettings = {
				BUNDLE_LOADER = "$(TEST_HOST)";
				GENERATE_INFOPLIST_FILE = YES;
				LD_RUNPATH_SEARCH_PATHS = (
					"$(inherited)",
					"@executable_path/Frameworks",
					"@loader_path/Frameworks",
				);
				PRODUCT_BUNDLE_IDENTIFIER = com.sidkrishnan.ParkingAvailabilityUITests;
				SDKROOT = iphoneos;
				TARGETED_DEVICE_FAMILY = "1,2";
				TEST_TARGET_NAME = ParkingAvailability;
			};
			name = Release;
		};
/* End XCBuildConfiguration section */

/* Begin XCConfigurationList section */
		3D5EEFAD9597F0E581E5F692 /* Build configuration list for PBXNativeTarget "ParkingAvailabilityTests" */ = {
			isa = XCConfigurationList;
			buildConfigurations = (
				41FA22ADF73A43ADB69E8C59 /* Debug */,
				8DCE3F2A88AE455E485641FE /* Release */,
			);
			defaultConfigurationIsVisible = 0;
			defaultConfigurationName = Debug;
		};
		6A6712262020D39309A88AD9 /* Build configuration list for PBXProject "ParkingAvailability" */ = {
			isa = XCConfigurationList;
			buildConfigurations = (
				7EA6A169C8725DCAD73C153A /* Debug */,
				2149BE150E894531044D2265 /* Release */,
			);
			defaultConfigurationIsVisible = 0;
			defaultConfigurationName = Debug;
		};
		CA8CB05AE8ACE68EEA5EB3C2 /* Build configuration list for PBXNativeTarget "ParkingAvailability" */ = {
			isa = XCConfigurationList;
			buildConfigurations = (
				AC83BB80B728459A0927A1D4 /* Debug */,
				842FE0679E81A072AB1B2E69 /* Release */,
			);
			defaultConfigurationIsVisible = 0;
			defaultConfigurationName = Debug;
		};
		FD92315EFE4A11AA5AA1B162 /* Build configuration list for PBXNativeTarget "ParkingAvailabilityUITests" */ = {
			isa = XCConfigurationList;
			buildConfigurations = (
				4A046CE71B47FEFAA26D85F5 /* Debug */,
				CF16861A83735B4BBA5E3A56 /* Release */,
			);
			defaultConfigurationIsVisible = 0;
			defaultConfigurationName = Debug;
		};
/* End XCConfigurationList section */
	};
	rootObject = 82D82AE6F7C4BF7F04B83480 /* Project object */;
}
