// !$*UTF8*$!
{
	archiveVersion = 1;
	classes = {
	};
	objectVersion = 77;
	objects = {

/* Begin PBXBuildFile section */
		00E6507294518C32BF6E3ADF /* ParkAlongApp.swift in Sources */ = {isa = PBXBuildFile; fileRef = D1BB434559CE4EBEDC6CF4C9 /* ParkAlongApp.swift */; };
		11B09167F99F4ADCA9F2B8B3 /* ParkingMapViewModel.swift in Sources */ = {isa = PBXBuildFile; fileRef = C3CC03EE5AF64E9F03489E57 /* ParkingMapViewModel.swift */; };
		1EF0E538B24BB0866B43EC33 /* ParkingOptionTests.swift in Sources */ = {isa = PBXBuildFile; fileRef = 44451E8A231A417084799826 /* ParkingOptionTests.swift */; };
		24C7DB94BAB87535780FFF18 /* ParkingRuleResolverTests.swift in Sources */ = {isa = PBXBuildFile; fileRef = B0F1FBD74529A7AC8B799805 /* ParkingRuleResolverTests.swift */; };
		35CB24FAE3BF5411927E7D7D /* victoria_static_manifest.json in Resources */ = {isa = PBXBuildFile; fileRef = 787E6973F51F16CA9F442FAA /* victoria_static_manifest.json */; };
		3D670DC418F7B59DA15BB54C /* ParkingMapViewModelTests.swift in Sources */ = {isa = PBXBuildFile; fileRef = C3B6C431C3B32FBA27C8D3B8 /* ParkingMapViewModelTests.swift */; };
		3FC2A0E0788A2925C735DDFF /* PredictionEngine.swift in Sources */ = {isa = PBXBuildFile; fileRef = CAAE045CF41482B2703EF3D4 /* PredictionEngine.swift */; };
		45BE0C2A83C318A8FE91F629 /* RestrictionEngine.swift in Sources */ = {isa = PBXBuildFile; fileRef = 6DEB158348AD5645DD9EF0B0 /* RestrictionEngine.swift */; };
		498A1F040CBDD90A7275DB33 /* zone_metadata.json in Resources */ = {isa = PBXBuildFile; fileRef = 1882AC8DE664145C51652E6D /* zone_metadata.json */; };
		4E5C7176B91008A1506F2D22 /* README.md in Resources */ = {isa = PBXBuildFile; fileRef = 69EC40EF8AF70C74B72BA16F /* README.md */; };
		504347F2C2A0E63844D09B21 /* AvailabilityEngineTests.swift in Sources */ = {isa = PBXBuildFile; fileRef = 294A199F4552998C76C67604 /* AvailabilityEngineTests.swift */; };
		5545685B14AAEAD2FB3FB934 /* ZoneDetailView.swift in Sources */ = {isa = PBXBuildFile; fileRef = 366B2B5F0B0604DE4FFE516B /* ZoneDetailView.swift */; };
		558A44AF7CE99059AAEDB9D8 /* AppleMapsNavigator.swift in Sources */ = {isa = PBXBuildFile; fileRef = F2A10D135C415999FEC60D28 /* AppleMapsNavigator.swift */; };
		55DF887EA63C07B662D3144F /* historical_validation.json in Resources */ = {isa = PBXBuildFile; fileRef = D8A396887591D9BCCDB15B71 /* historical_validation.json */; };
		5681686370F60AF050ECF38B /* PredictionRankingCacheTests.swift in Sources */ = {isa = PBXBuildFile; fileRef = 7B6489A07DCDE835BF51A5BB /* PredictionRankingCacheTests.swift */; };
		5BF78C35C92ACFD8C3E020D5 /* ParkingRepositoryTests.swift in Sources */ = {isa = PBXBuildFile; fileRef = 72226E6CA6CC2FE10D595BEA /* ParkingRepositoryTests.swift */; };
		6E703B706908DC5E38530BE3 /* historical_availability.json in Resources */ = {isa = PBXBuildFile; fileRef = 50E588B1BBF03C8B8623C3DE /* historical_availability.json */; };
		76AD7778E06284E6AA8B9B0F /* OffStreetParkingService.swift in Sources */ = {isa = PBXBuildFile; fileRef = E85CF37E1A1A13F206410E72 /* OffStreetParkingService.swift */; };
		7830976AE7942BC2CD1B5B12 /* ParkingRepository.swift in Sources */ = {isa = PBXBuildFile; fileRef = B1DE8CF816FEF78018F98A3D /* ParkingRepository.swift */; };
		7F357FFECF281222991DEF44 /* ParkingMapView.swift in Sources */ = {isa = PBXBuildFile; fileRef = 6009E4D94206EB0F128454A6 /* ParkingMapView.swift */; };
		812AEC8D3DDC63A73A7550D3 /* BundleDataLoader.swift in Sources */ = {isa = PBXBuildFile; fileRef = 6325E13364B1EF1B96468BF3 /* BundleDataLoader.swift */; };
		8276A25EF56F62D1E6556D98 /* ParkingRuleResolver.swift in Sources */ = {isa = PBXBuildFile; fileRef = AE9B12F2049BD91A9ECB5DAE /* ParkingRuleResolver.swift */; };
		84346CCB3AC74DDB58885B25 /* DestinationSearchServiceTests.swift in Sources */ = {isa = PBXBuildFile; fileRef = 38CEB50FF79DDDFCD0A6A0D8 /* DestinationSearchServiceTests.swift */; };
		8809D61EAD96BEDDE736D984 /* LocationService.swift in Sources */ = {isa = PBXBuildFile; fileRef = 67961FAA50A1953C098C762A /* LocationService.swift */; };
		89B2020A7EE8E17A79AB89D4 /* AvailabilityEngine.swift in Sources */ = {isa = PBXBuildFile; fileRef = 15F45422F42AD40407B83008 /* AvailabilityEngine.swift */; };
		8A09B17F5D5E6E949CBBA31C /* ParkingAPIClient.swift in Sources */ = {isa = PBXBuildFile; fileRef = 0F1A693FCE60AD13B71A085A /* ParkingAPIClient.swift */; };
		931270936035531BF4503C57 /* DestinationSearchView.swift in Sources */ = {isa = PBXBuildFile; fileRef = EAEFCC4099D4E7442BDD7330 /* DestinationSearchView.swift */; };
		958BAD5C8A67BA4E96166339 /* AdaptiveChrome.swift in Sources */ = {isa = PBXBuildFile; fileRef = D8C1152F6E69EBA200086512 /* AdaptiveChrome.swift */; };
		9707BF4169722A2D66A1FC73 /* victoria_static_parking.json in Resources */ = {isa = PBXBuildFile; fileRef = F9DCE4DDFD1BC73F153C592D /* victoria_static_parking.json */; };
		9733AB89A15DE9C297366863 /* DestinationSearchService.swift in Sources */ = {isa = PBXBuildFile; fileRef = B22B784BB00A338E4068B9DB /* DestinationSearchService.swift */; };
		97F154CDF26681B345925314 /* ParkingAPIClientTests.swift in Sources */ = {isa = PBXBuildFile; fileRef = 16A45176AD665B3782116DA9 /* ParkingAPIClientTests.swift */; };
		98E06CCFA6DF9E5635938343 /* MapControls.swift in Sources */ = {isa = PBXBuildFile; fileRef = F72CEB631D4233646A08BE3B /* MapControls.swift */; };
		998B1E43A5547AD027248B75 /* ParkingSource.swift in Sources */ = {isa = PBXBuildFile; fileRef = 339D31F7813944F21D0255A2 /* ParkingSource.swift */; };
		9BCC369289366A376FBC85F0 /* RestrictionEngineTests.swift in Sources */ = {isa = PBXBuildFile; fileRef = 4394FAA3B127B8A8ADB01D25 /* RestrictionEngineTests.swift */; };
		A7DDA851CCC77E50825818CB /* ParkAlongUITests.swift in Sources */ = {isa = PBXBuildFile; fileRef = 22B7D0E92A86AAFE17AD247D /* ParkAlongUITests.swift */; };
		ADDA3D140C3CC0070BB58563 /* AdaptiveChromeTests.swift in Sources */ = {isa = PBXBuildFile; fileRef = F96AFE556B140229A496A221 /* AdaptiveChromeTests.swift */; };
		B0A073681E86EF11EDAA2E4D /* ParkingOption.swift in Sources */ = {isa = PBXBuildFile; fileRef = 1B4CD237284CEE57B25D537B /* ParkingOption.swift */; };
		B132F3D38D21B719CF25B387 /* RankingEngine.swift in Sources */ = {isa = PBXBuildFile; fileRef = 314BC67F93762607C5A7BFDE /* RankingEngine.swift */; };
		BBEB5AE4CA3213E0A17D13C5 /* RemoteParkingRepository.swift in Sources */ = {isa = PBXBuildFile; fileRef = 7E38BEE15124C90557D7DCA3 /* RemoteParkingRepository.swift */; };
		DC3C3F8D35AF238910771637 /* restrictions.json in Resources */ = {isa = PBXBuildFile; fileRef = 301A559806C71BAC78A917B7 /* restrictions.json */; };
		DF1E9E28BDD4DCC8BE88EAF2 /* StaticParkingRepositoryTests.swift in Sources */ = {isa = PBXBuildFile; fileRef = 47BF6FD4E4F9D00FAE448D71 /* StaticParkingRepositoryTests.swift */; };
		E68C35B8778EE002B99ABB51 /* AvailabilityPin.swift in Sources */ = {isa = PBXBuildFile; fileRef = 7B70525C712110B663350AA1 /* AvailabilityPin.swift */; };
		E75657F650BDBF60D6AC8C05 /* StaticParkingRepository.swift in Sources */ = {isa = PBXBuildFile; fileRef = BA5411D75F09370209CAF6AD /* StaticParkingRepository.swift */; };
		EF1109A6A97EA2F445A0C6ED /* AppEnvironment.swift in Sources */ = {isa = PBXBuildFile; fileRef = 3069812EAA382A66BCDCA377 /* AppEnvironment.swift */; };
		F209205630C58EA50D41A6EE /* RemoteParkingRepositoryTests.swift in Sources */ = {isa = PBXBuildFile; fileRef = B62F3E21CE52BD95E0694744 /* RemoteParkingRepositoryTests.swift */; };
		F4940DCE1EB4F6925B9348BD /* ParkingModels.swift in Sources */ = {isa = PBXBuildFile; fileRef = 36DA63AF7AA621764B37DA72 /* ParkingModels.swift */; };
/* End PBXBuildFile section */

/* Begin PBXContainerItemProxy section */
		155CD2CF2F7F8DB5B3A2F966 /* PBXContainerItemProxy */ = {
			isa = PBXContainerItemProxy;
			containerPortal = 17EDD926C9563DD65E2D3684 /* Project object */;
			proxyType = 1;
			remoteGlobalIDString = 38A9F7BD0F8AF685B71A1E5A;
			remoteInfo = ParkAlong;
		};
		27E3E746E652CBE3DE8397CC /* PBXContainerItemProxy */ = {
			isa = PBXContainerItemProxy;
			containerPortal = 17EDD926C9563DD65E2D3684 /* Project object */;
			proxyType = 1;
			remoteGlobalIDString = 38A9F7BD0F8AF685B71A1E5A;
			remoteInfo = ParkAlong;
		};
/* End PBXContainerItemProxy section */

/* Begin PBXFileReference section */
		0F1A693FCE60AD13B71A085A /* ParkingAPIClient.swift */ = {isa = PBXFileReference; lastKnownFileType = sourcecode.swift; path = ParkingAPIClient.swift; sourceTree = "<group>"; };
		15F45422F42AD40407B83008 /* AvailabilityEngine.swift */ = {isa = PBXFileReference; lastKnownFileType = sourcecode.swift; path = AvailabilityEngine.swift; sourceTree = "<group>"; };
		16A45176AD665B3782116DA9 /* ParkingAPIClientTests.swift */ = {isa = PBXFileReference; lastKnownFileType = sourcecode.swift; path = ParkingAPIClientTests.swift; sourceTree = "<group>"; };
		1882AC8DE664145C51652E6D /* zone_metadata.json */ = {isa = PBXFileReference; lastKnownFileType = text.json; path = zone_metadata.json; sourceTree = "<group>"; };
		1B4CD237284CEE57B25D537B /* ParkingOption.swift */ = {isa = PBXFileReference; lastKnownFileType = sourcecode.swift; path = ParkingOption.swift; sourceTree = "<group>"; };
		22B7D0E92A86AAFE17AD247D /* ParkAlongUITests.swift */ = {isa = PBXFileReference; lastKnownFileType = sourcecode.swift; path = ParkAlongUITests.swift; sourceTree = "<group>"; };
		294A199F4552998C76C67604 /* AvailabilityEngineTests.swift */ = {isa = PBXFileReference; lastKnownFileType = sourcecode.swift; path = AvailabilityEngineTests.swift; sourceTree = "<group>"; };
		301A559806C71BAC78A917B7 /* restrictions.json */ = {isa = PBXFileReference; lastKnownFileType = text.json; path = restrictions.json; sourceTree = "<group>"; };
		3069812EAA382A66BCDCA377 /* AppEnvironment.swift */ = {isa = PBXFileReference; lastKnownFileType = sourcecode.swift; path = AppEnvironment.swift; sourceTree = "<group>"; };
		314BC67F93762607C5A7BFDE /* RankingEngine.swift */ = {isa = PBXFileReference; lastKnownFileType = sourcecode.swift; path = RankingEngine.swift; sourceTree = "<group>"; };
		339D31F7813944F21D0255A2 /* ParkingSource.swift */ = {isa = PBXFileReference; lastKnownFileType = sourcecode.swift; path = ParkingSource.swift; sourceTree = "<group>"; };
		366B2B5F0B0604DE4FFE516B /* ZoneDetailView.swift */ = {isa = PBXFileReference; lastKnownFileType = sourcecode.swift; path = ZoneDetailView.swift; sourceTree = "<group>"; };
		36DA63AF7AA621764B37DA72 /* ParkingModels.swift */ = {isa = PBXFileReference; lastKnownFileType = sourcecode.swift; path = ParkingModels.swift; sourceTree = "<group>"; };
		38CEB50FF79DDDFCD0A6A0D8 /* DestinationSearchServiceTests.swift */ = {isa = PBXFileReference; lastKnownFileType = sourcecode.swift; path = DestinationSearchServiceTests.swift; sourceTree = "<group>"; };
		4394FAA3B127B8A8ADB01D25 /* RestrictionEngineTests.swift */ = {isa = PBXFileReference; lastKnownFileType = sourcecode.swift; path = RestrictionEngineTests.swift; sourceTree = "<group>"; };
		44451E8A231A417084799826 /* ParkingOptionTests.swift */ = {isa = PBXFileReference; lastKnownFileType = sourcecode.swift; path = ParkingOptionTests.swift; sourceTree = "<group>"; };
		47BF6FD4E4F9D00FAE448D71 /* StaticParkingRepositoryTests.swift */ = {isa = PBXFileReference; lastKnownFileType = sourcecode.swift; path = StaticParkingRepositoryTests.swift; sourceTree = "<group>"; };
		50E588B1BBF03C8B8623C3DE /* historical_availability.json */ = {isa = PBXFileReference; lastKnownFileType = text.json; path = historical_availability.json; sourceTree = "<group>"; };
		6009E4D94206EB0F128454A6 /* ParkingMapView.swift */ = {isa = PBXFileReference; lastKnownFileType = sourcecode.swift; path = ParkingMapView.swift; sourceTree = "<group>"; };
		6325E13364B1EF1B96468BF3 /* BundleDataLoader.swift */ = {isa = PBXFileReference; lastKnownFileType = sourcecode.swift; path = BundleDataLoader.swift; sourceTree = "<group>"; };
		67961FAA50A1953C098C762A /* LocationService.swift */ = {isa = PBXFileReference; lastKnownFileType = sourcecode.swift; path = LocationService.swift; sourceTree = "<group>"; };
		69EC40EF8AF70C74B72BA16F /* README.md */ = {isa = PBXFileReference; lastKnownFileType = net.daringfireball.markdown; path = README.md; sourceTree = "<group>"; };
		6CDA7A548B875B3D3B9C254B /* ParkAlong.app */ = {isa = PBXFileReference; includeInIndex = 0; lastKnownFileType = wrapper.application; path = ParkAlong.app; sourceTree = BUILT_PRODUCTS_DIR; };
		6DEB158348AD5645DD9EF0B0 /* RestrictionEngine.swift */ = {isa = PBXFileReference; lastKnownFileType = sourcecode.swift; path = RestrictionEngine.swift; sourceTree = "<group>"; };
		72226E6CA6CC2FE10D595BEA /* ParkingRepositoryTests.swift */ = {isa = PBXFileReference; lastKnownFileType = sourcecode.swift; path = ParkingRepositoryTests.swift; sourceTree = "<group>"; };
		787E6973F51F16CA9F442FAA /* victoria_static_manifest.json */ = {isa = PBXFileReference; lastKnownFileType = text.json; path = victoria_static_manifest.json; sourceTree = "<group>"; };
		7B6489A07DCDE835BF51A5BB /* PredictionRankingCacheTests.swift */ = {isa = PBXFileReference; lastKnownFileType = sourcecode.swift; path = PredictionRankingCacheTests.swift; sourceTree = "<group>"; };
		7B70525C712110B663350AA1 /* AvailabilityPin.swift */ = {isa = PBXFileReference; lastKnownFileType = sourcecode.swift; path = AvailabilityPin.swift; sourceTree = "<group>"; };
		7E38BEE15124C90557D7DCA3 /* RemoteParkingRepository.swift */ = {isa = PBXFileReference; lastKnownFileType = sourcecode.swift; path = RemoteParkingRepository.swift; sourceTree = "<group>"; };
		8CFB2D1566E81623B5E1BFC5 /* ParkAlongUITests.xctest */ = {isa = PBXFileReference; includeInIndex = 0; lastKnownFileType = wrapper.cfbundle; path = ParkAlongUITests.xctest; sourceTree = BUILT_PRODUCTS_DIR; };
		AE9B12F2049BD91A9ECB5DAE /* ParkingRuleResolver.swift */ = {isa = PBXFileReference; lastKnownFileType = sourcecode.swift; path = ParkingRuleResolver.swift; sourceTree = "<group>"; };
		B0F1FBD74529A7AC8B799805 /* ParkingRuleResolverTests.swift */ = {isa = PBXFileReference; lastKnownFileType = sourcecode.swift; path = ParkingRuleResolverTests.swift; sourceTree = "<group>"; };
		B1DE8CF816FEF78018F98A3D /* ParkingRepository.swift */ = {isa = PBXFileReference; lastKnownFileType = sourcecode.swift; path = ParkingRepository.swift; sourceTree = "<group>"; };
		B22B784BB00A338E4068B9DB /* DestinationSearchService.swift */ = {isa = PBXFileReference; lastKnownFileType = sourcecode.swift; path = DestinationSearchService.swift; sourceTree = "<group>"; };
		B62F3E21CE52BD95E0694744 /* RemoteParkingRepositoryTests.swift */ = {isa = PBXFileReference; lastKnownFileType = sourcecode.swift; path = RemoteParkingRepositoryTests.swift; sourceTree = "<group>"; };
		BA5411D75F09370209CAF6AD /* StaticParkingRepository.swift */ = {isa = PBXFileReference; lastKnownFileType = sourcecode.swift; path = StaticParkingRepository.swift; sourceTree = "<group>"; };
		C3B6C431C3B32FBA27C8D3B8 /* ParkingMapViewModelTests.swift */ = {isa = PBXFileReference; lastKnownFileType = sourcecode.swift; path = ParkingMapViewModelTests.swift; sourceTree = "<group>"; };
		C3CC03EE5AF64E9F03489E57 /* ParkingMapViewModel.swift */ = {isa = PBXFileReference; lastKnownFileType = sourcecode.swift; path = ParkingMapViewModel.swift; sourceTree = "<group>"; };
		CAAE045CF41482B2703EF3D4 /* PredictionEngine.swift */ = {isa = PBXFileReference; lastKnownFileType = sourcecode.swift; path = PredictionEngine.swift; sourceTree = "<group>"; };
		D1B2AEE7AFE550AD52287476 /* ParkAlongTests.xctest */ = {isa = PBXFileReference; includeInIndex = 0; lastKnownFileType = wrapper.cfbundle; path = ParkAlongTests.xctest; sourceTree = BUILT_PRODUCTS_DIR; };
		D1BB434559CE4EBEDC6CF4C9 /* ParkAlongApp.swift */ = {isa = PBXFileReference; lastKnownFileType = sourcecode.swift; path = ParkAlongApp.swift; sourceTree = "<group>"; };
		D8A396887591D9BCCDB15B71 /* historical_validation.json */ = {isa = PBXFileReference; lastKnownFileType = text.json; path = historical_validation.json; sourceTree = "<group>"; };
		D8C1152F6E69EBA200086512 /* AdaptiveChrome.swift */ = {isa = PBXFileReference; lastKnownFileType = sourcecode.swift; path = AdaptiveChrome.swift; sourceTree = "<group>"; };
		E85CF37E1A1A13F206410E72 /* OffStreetParkingService.swift */ = {isa = PBXFileReference; lastKnownFileType = sourcecode.swift; path = OffStreetParkingService.swift; sourceTree = "<group>"; };
		EAEFCC4099D4E7442BDD7330 /* DestinationSearchView.swift */ = {isa = PBXFileReference; lastKnownFileType = sourcecode.swift; path = DestinationSearchView.swift; sourceTree = "<group>"; };
		F2A10D135C415999FEC60D28 /* AppleMapsNavigator.swift */ = {isa = PBXFileReference; lastKnownFileType = sourcecode.swift; path = AppleMapsNavigator.swift; sourceTree = "<group>"; };
		F72CEB631D4233646A08BE3B /* MapControls.swift */ = {isa = PBXFileReference; lastKnownFileType = sourcecode.swift; path = MapControls.swift; sourceTree = "<group>"; };
		F96AFE556B140229A496A221 /* AdaptiveChromeTests.swift */ = {isa = PBXFileReference; lastKnownFileType = sourcecode.swift; path = AdaptiveChromeTests.swift; sourceTree = "<group>"; };
		F9DCE4DDFD1BC73F153C592D /* victoria_static_parking.json */ = {isa = PBXFileReference; lastKnownFileType = text.json; path = victoria_static_parking.json; sourceTree = "<group>"; };
/* End PBXFileReference section */

/* Begin PBXGroup section */
		01C5DD25E50074505E660D41 = {
			isa = PBXGroup;
			children = (
				F71A3FDAEF19E14047FEEB58 /* ParkAlong */,
				37EA86217404C43DE39DC0D5 /* ParkAlongTests */,
				207507AE8167AF410B6DC75B /* ParkAlongUITests */,
				F9C48D2A7F163BC921DD762E /* Products */,
			);
			sourceTree = "<group>";
		};
		13160C133CA87D60A706C3EF /* ZoneDetail */ = {
			isa = PBXGroup;
			children = (
				366B2B5F0B0604DE4FFE516B /* ZoneDetailView.swift */,
			);
			path = ZoneDetail;
			sourceTree = "<group>";
		};
		1604F2577A63DA4DC2E33FC9 /* Features */ = {
			isa = PBXGroup;
			children = (
				4B1791B3BE62A5AD099BEC8B /* Map */,
				65D0657ACCBE4ED5F410BDAC /* Search */,
				13160C133CA87D60A706C3EF /* ZoneDetail */,
			);
			path = Features;
			sourceTree = "<group>";
		};
		1644D1A4650A819EC6B01AC0 /* Generated */ = {
			isa = PBXGroup;
			children = (
				50E588B1BBF03C8B8623C3DE /* historical_availability.json */,
				D8A396887591D9BCCDB15B71 /* historical_validation.json */,
				69EC40EF8AF70C74B72BA16F /* README.md */,
				301A559806C71BAC78A917B7 /* restrictions.json */,
				787E6973F51F16CA9F442FAA /* victoria_static_manifest.json */,
				F9DCE4DDFD1BC73F153C592D /* victoria_static_parking.json */,
				1882AC8DE664145C51652E6D /* zone_metadata.json */,
			);
			path = Generated;
			sourceTree = "<group>";
		};
		207507AE8167AF410B6DC75B /* ParkAlongUITests */ = {
			isa = PBXGroup;
			children = (
				22B7D0E92A86AAFE17AD247D /* ParkAlongUITests.swift */,
			);
			path = ParkAlongUITests;
			sourceTree = "<group>";
		};
		36239A38FAB7A79EE9713F85 /* DesignSystem */ = {
			isa = PBXGroup;
			children = (
				D8C1152F6E69EBA200086512 /* AdaptiveChrome.swift */,
			);
			path = DesignSystem;
			sourceTree = "<group>";
		};
		37EA86217404C43DE39DC0D5 /* ParkAlongTests */ = {
			isa = PBXGroup;
			children = (
				F96AFE556B140229A496A221 /* AdaptiveChromeTests.swift */,
				294A199F4552998C76C67604 /* AvailabilityEngineTests.swift */,
				38CEB50FF79DDDFCD0A6A0D8 /* DestinationSearchServiceTests.swift */,
				16A45176AD665B3782116DA9 /* ParkingAPIClientTests.swift */,
				C3B6C431C3B32FBA27C8D3B8 /* ParkingMapViewModelTests.swift */,
				44451E8A231A417084799826 /* ParkingOptionTests.swift */,
				72226E6CA6CC2FE10D595BEA /* ParkingRepositoryTests.swift */,
				B0F1FBD74529A7AC8B799805 /* ParkingRuleResolverTests.swift */,
				7B6489A07DCDE835BF51A5BB /* PredictionRankingCacheTests.swift */,
				B62F3E21CE52BD95E0694744 /* RemoteParkingRepositoryTests.swift */,
				4394FAA3B127B8A8ADB01D25 /* RestrictionEngineTests.swift */,
				47BF6FD4E4F9D00FAE448D71 /* StaticParkingRepositoryTests.swift */,
			);
			path = ParkAlongTests;
			sourceTree = "<group>";
		};
		4B1791B3BE62A5AD099BEC8B /* Map */ = {
			isa = PBXGroup;
			children = (
				7B70525C712110B663350AA1 /* AvailabilityPin.swift */,
				F72CEB631D4233646A08BE3B /* MapControls.swift */,
				6009E4D94206EB0F128454A6 /* ParkingMapView.swift */,
				C3CC03EE5AF64E9F03489E57 /* ParkingMapViewModel.swift */,
			);
			path = Map;
			sourceTree = "<group>";
		};
		58658C560CB10752972DD678 /* Domain */ = {
			isa = PBXGroup;
			children = (
				15F45422F42AD40407B83008 /* AvailabilityEngine.swift */,
				36DA63AF7AA621764B37DA72 /* ParkingModels.swift */,
				1B4CD237284CEE57B25D537B /* ParkingOption.swift */,
				AE9B12F2049BD91A9ECB5DAE /* ParkingRuleResolver.swift */,
				339D31F7813944F21D0255A2 /* ParkingSource.swift */,
				CAAE045CF41482B2703EF3D4 /* PredictionEngine.swift */,
				314BC67F93762607C5A7BFDE /* RankingEngine.swift */,
				6DEB158348AD5645DD9EF0B0 /* RestrictionEngine.swift */,
			);
			path = Domain;
			sourceTree = "<group>";
		};
		65D0657ACCBE4ED5F410BDAC /* Search */ = {
			isa = PBXGroup;
			children = (
				EAEFCC4099D4E7442BDD7330 /* DestinationSearchView.swift */,
			);
			path = Search;
			sourceTree = "<group>";
		};
		D7A4B92EE53FDE18C459C99E /* Data */ = {
			isa = PBXGroup;
			children = (
				6325E13364B1EF1B96468BF3 /* BundleDataLoader.swift */,
				0F1A693FCE60AD13B71A085A /* ParkingAPIClient.swift */,
				B1DE8CF816FEF78018F98A3D /* ParkingRepository.swift */,
				7E38BEE15124C90557D7DCA3 /* RemoteParkingRepository.swift */,
				BA5411D75F09370209CAF6AD /* StaticParkingRepository.swift */,
			);
			path = Data;
			sourceTree = "<group>";
		};
		ECD840D76BDACA4A9BD1AD10 /* App */ = {
			isa = PBXGroup;
			children = (
				3069812EAA382A66BCDCA377 /* AppEnvironment.swift */,
				D1BB434559CE4EBEDC6CF4C9 /* ParkAlongApp.swift */,
			);
			path = App;
			sourceTree = "<group>";
		};
		F658BEDFCCB9BAD77444649B /* Services */ = {
			isa = PBXGroup;
			children = (
				F2A10D135C415999FEC60D28 /* AppleMapsNavigator.swift */,
				B22B784BB00A338E4068B9DB /* DestinationSearchService.swift */,
				67961FAA50A1953C098C762A /* LocationService.swift */,
				E85CF37E1A1A13F206410E72 /* OffStreetParkingService.swift */,
			);
			path = Services;
			sourceTree = "<group>";
		};
		F71A3FDAEF19E14047FEEB58 /* ParkAlong */ = {
			isa = PBXGroup;
			children = (
				ECD840D76BDACA4A9BD1AD10 /* App */,
				D7A4B92EE53FDE18C459C99E /* Data */,
				36239A38FAB7A79EE9713F85 /* DesignSystem */,
				58658C560CB10752972DD678 /* Domain */,
				1604F2577A63DA4DC2E33FC9 /* Features */,
				FEF3CEB439FF843BC9493016 /* Resources */,
				F658BEDFCCB9BAD77444649B /* Services */,
			);
			path = ParkAlong;
			sourceTree = "<group>";
		};
		F9C48D2A7F163BC921DD762E /* Products */ = {
			isa = PBXGroup;
			children = (
				6CDA7A548B875B3D3B9C254B /* ParkAlong.app */,
				D1B2AEE7AFE550AD52287476 /* ParkAlongTests.xctest */,
				8CFB2D1566E81623B5E1BFC5 /* ParkAlongUITests.xctest */,
			);
			name = Products;
			sourceTree = "<group>";
		};
		FEF3CEB439FF843BC9493016 /* Resources */ = {
			isa = PBXGroup;
			children = (
				1644D1A4650A819EC6B01AC0 /* Generated */,
			);
			path = Resources;
			sourceTree = "<group>";
		};
/* End PBXGroup section */

/* Begin PBXNativeTarget section */
		38A9F7BD0F8AF685B71A1E5A /* ParkAlong */ = {
			isa = PBXNativeTarget;
			buildConfigurationList = E83565DDD2E825F855A2EDD1 /* Build configuration list for PBXNativeTarget "ParkAlong" */;
			buildPhases = (
				5F02E436954F2E3B63445E03 /* Sources */,
				2D7C35FB254002968DF36321 /* Resources */,
			);
			buildRules = (
			);
			dependencies = (
			);
			name = ParkAlong;
			packageProductDependencies = (
			);
			productName = ParkAlong;
			productReference = 6CDA7A548B875B3D3B9C254B /* ParkAlong.app */;
			productType = "com.apple.product-type.application";
		};
		4D514867199DA847E4F0A913 /* ParkAlongUITests */ = {
			isa = PBXNativeTarget;
			buildConfigurationList = E0BFBB7B0D1DE8E6FFABE3F1 /* Build configuration list for PBXNativeTarget "ParkAlongUITests" */;
			buildPhases = (
				A802384612EA4DB14B2D7E4E /* Sources */,
			);
			buildRules = (
			);
			dependencies = (
				A4AA4F2A8BDA5A9164DBE9A9 /* PBXTargetDependency */,
			);
			name = ParkAlongUITests;
			packageProductDependencies = (
			);
			productName = ParkAlongUITests;
			productReference = 8CFB2D1566E81623B5E1BFC5 /* ParkAlongUITests.xctest */;
			productType = "com.apple.product-type.bundle.ui-testing";
		};
		7F48B661AB3DDEDD6FA68875 /* ParkAlongTests */ = {
			isa = PBXNativeTarget;
			buildConfigurationList = 70C846EEC8F6D6B29E4AB316 /* Build configuration list for PBXNativeTarget "ParkAlongTests" */;
			buildPhases = (
				0AB36536D8A7BF0954DD3AC1 /* Sources */,
			);
			buildRules = (
			);
			dependencies = (
				30F6730678987E7D0A0E395E /* PBXTargetDependency */,
			);
			name = ParkAlongTests;
			packageProductDependencies = (
			);
			productName = ParkAlongTests;
			productReference = D1B2AEE7AFE550AD52287476 /* ParkAlongTests.xctest */;
			productType = "com.apple.product-type.bundle.unit-test";
		};
/* End PBXNativeTarget section */

/* Begin PBXProject section */
		17EDD926C9563DD65E2D3684 /* Project object */ = {
			isa = PBXProject;
			attributes = {
				BuildIndependentTargetsInParallel = YES;
				LastUpgradeCheck = 1430;
				TargetAttributes = {
					38A9F7BD0F8AF685B71A1E5A = {
						ProvisioningStyle = Automatic;
					};
					4D514867199DA847E4F0A913 = {
						ProvisioningStyle = Automatic;
						TestTargetID = 38A9F7BD0F8AF685B71A1E5A;
					};
					7F48B661AB3DDEDD6FA68875 = {
						ProvisioningStyle = Automatic;
					};
				};
			};
			buildConfigurationList = 84E5CB22063F0D0A5B0FF524 /* Build configuration list for PBXProject "ParkAlong" */;
			developmentRegion = en;
			hasScannedForEncodings = 0;
			knownRegions = (
				Base,
				en,
			);
			mainGroup = 01C5DD25E50074505E660D41;
			minimizedProjectReferenceProxies = 1;
			preferredProjectObjectVersion = 77;
			productRefGroup = F9C48D2A7F163BC921DD762E /* Products */;
			projectDirPath = "";
			projectRoot = "";
			targets = (
				38A9F7BD0F8AF685B71A1E5A /* ParkAlong */,
				7F48B661AB3DDEDD6FA68875 /* ParkAlongTests */,
				4D514867199DA847E4F0A913 /* ParkAlongUITests */,
			);
		};
/* End PBXProject section */

/* Begin PBXResourcesBuildPhase section */
		2D7C35FB254002968DF36321 /* Resources */ = {
			isa = PBXResourcesBuildPhase;
			buildActionMask = 2147483647;
			files = (
				4E5C7176B91008A1506F2D22 /* README.md in Resources */,
				6E703B706908DC5E38530BE3 /* historical_availability.json in Resources */,
				55DF887EA63C07B662D3144F /* historical_validation.json in Resources */,
				DC3C3F8D35AF238910771637 /* restrictions.json in Resources */,
				35CB24FAE3BF5411927E7D7D /* victoria_static_manifest.json in Resources */,
				9707BF4169722A2D66A1FC73 /* victoria_static_parking.json in Resources */,
				498A1F040CBDD90A7275DB33 /* zone_metadata.json in Resources */,
			);
			runOnlyForDeploymentPostprocessing = 0;
		};
/* End PBXResourcesBuildPhase section */

/* Begin PBXSourcesBuildPhase section */
		0AB36536D8A7BF0954DD3AC1 /* Sources */ = {
			isa = PBXSourcesBuildPhase;
			buildActionMask = 2147483647;
			files = (
				ADDA3D140C3CC0070BB58563 /* AdaptiveChromeTests.swift in Sources */,
				504347F2C2A0E63844D09B21 /* AvailabilityEngineTests.swift in Sources */,
				84346CCB3AC74DDB58885B25 /* DestinationSearchServiceTests.swift in Sources */,
				97F154CDF26681B345925314 /* ParkingAPIClientTests.swift in Sources */,
				3D670DC418F7B59DA15BB54C /* ParkingMapViewModelTests.swift in Sources */,
				1EF0E538B24BB0866B43EC33 /* ParkingOptionTests.swift in Sources */,
				5BF78C35C92ACFD8C3E020D5 /* ParkingRepositoryTests.swift in Sources */,
				24C7DB94BAB87535780FFF18 /* ParkingRuleResolverTests.swift in Sources */,
				5681686370F60AF050ECF38B /* PredictionRankingCacheTests.swift in Sources */,
				F209205630C58EA50D41A6EE /* RemoteParkingRepositoryTests.swift in Sources */,
				9BCC369289366A376FBC85F0 /* RestrictionEngineTests.swift in Sources */,
				DF1E9E28BDD4DCC8BE88EAF2 /* StaticParkingRepositoryTests.swift in Sources */,
			);
			runOnlyForDeploymentPostprocessing = 0;
		};
		5F02E436954F2E3B63445E03 /* Sources */ = {
			isa = PBXSourcesBuildPhase;
			buildActionMask = 2147483647;
			files = (
				958BAD5C8A67BA4E96166339 /* AdaptiveChrome.swift in Sources */,
				EF1109A6A97EA2F445A0C6ED /* AppEnvironment.swift in Sources */,
				558A44AF7CE99059AAEDB9D8 /* AppleMapsNavigator.swift in Sources */,
				89B2020A7EE8E17A79AB89D4 /* AvailabilityEngine.swift in Sources */,
				E68C35B8778EE002B99ABB51 /* AvailabilityPin.swift in Sources */,
				812AEC8D3DDC63A73A7550D3 /* BundleDataLoader.swift in Sources */,
				9733AB89A15DE9C297366863 /* DestinationSearchService.swift in Sources */,
				931270936035531BF4503C57 /* DestinationSearchView.swift in Sources */,
				8809D61EAD96BEDDE736D984 /* LocationService.swift in Sources */,
				98E06CCFA6DF9E5635938343 /* MapControls.swift in Sources */,
				76AD7778E06284E6AA8B9B0F /* OffStreetParkingService.swift in Sources */,
				00E6507294518C32BF6E3ADF /* ParkAlongApp.swift in Sources */,
				8A09B17F5D5E6E949CBBA31C /* ParkingAPIClient.swift in Sources */,
				7F357FFECF281222991DEF44 /* ParkingMapView.swift in Sources */,
				11B09167F99F4ADCA9F2B8B3 /* ParkingMapViewModel.swift in Sources */,
				F4940DCE1EB4F6925B9348BD /* ParkingModels.swift in Sources */,
				B0A073681E86EF11EDAA2E4D /* ParkingOption.swift in Sources */,
				7830976AE7942BC2CD1B5B12 /* ParkingRepository.swift in Sources */,
				8276A25EF56F62D1E6556D98 /* ParkingRuleResolver.swift in Sources */,
				998B1E43A5547AD027248B75 /* ParkingSource.swift in Sources */,
				3FC2A0E0788A2925C735DDFF /* PredictionEngine.swift in Sources */,
				B132F3D38D21B719CF25B387 /* RankingEngine.swift in Sources */,
				BBEB5AE4CA3213E0A17D13C5 /* RemoteParkingRepository.swift in Sources */,
				45BE0C2A83C318A8FE91F629 /* RestrictionEngine.swift in Sources */,
				E75657F650BDBF60D6AC8C05 /* StaticParkingRepository.swift in Sources */,
				5545685B14AAEAD2FB3FB934 /* ZoneDetailView.swift in Sources */,
			);
			runOnlyForDeploymentPostprocessing = 0;
		};
		A802384612EA4DB14B2D7E4E /* Sources */ = {
			isa = PBXSourcesBuildPhase;
			buildActionMask = 2147483647;
			files = (
				A7DDA851CCC77E50825818CB /* ParkAlongUITests.swift in Sources */,
			);
			runOnlyForDeploymentPostprocessing = 0;
		};
/* End PBXSourcesBuildPhase section */

/* Begin PBXTargetDependency section */
		30F6730678987E7D0A0E395E /* PBXTargetDependency */ = {
			isa = PBXTargetDependency;
			target = 38A9F7BD0F8AF685B71A1E5A /* ParkAlong */;
			targetProxy = 27E3E746E652CBE3DE8397CC /* PBXContainerItemProxy */;
		};
		A4AA4F2A8BDA5A9164DBE9A9 /* PBXTargetDependency */ = {
			isa = PBXTargetDependency;
			target = 38A9F7BD0F8AF685B71A1E5A /* ParkAlong */;
			targetProxy = 155CD2CF2F7F8DB5B3A2F966 /* PBXContainerItemProxy */;
		};
/* End PBXTargetDependency section */

/* Begin XCBuildConfiguration section */
		2158370B597EBC2BE94CAC6A /* Release */ = {
			isa = XCBuildConfiguration;
			buildSettings = {
				ASSETCATALOG_COMPILER_APPICON_NAME = AppIcon;
				CODE_SIGN_IDENTITY = "iPhone Developer";
				GENERATE_INFOPLIST_FILE = YES;
				INFOPLIST_KEY_CFBundleDisplayName = ParkAlong;
				INFOPLIST_KEY_NSLocationWhenInUseUsageDescription = "Your location helps find parking near you. You can keep using destination search without it.";
				INFOPLIST_KEY_ParkAlongRemoteBaseURL = "$(PARKALONG_REMOTE_BASE_URL)";
				INFOPLIST_KEY_UIApplicationSceneManifest_Generation = YES;
				INFOPLIST_KEY_UILaunchScreen_Generation = YES;
				INFOPLIST_KEY_UISupportedInterfaceOrientations_iPhone = UIInterfaceOrientationPortrait;
				LD_RUNPATH_SEARCH_PATHS = (
					"$(inherited)",
					"@executable_path/Frameworks",
				);
				PARKALONG_REMOTE_BASE_URL = "";
				PRODUCT_BUNDLE_IDENTIFIER = com.sidkrishnan.ParkAlong;
				SDKROOT = iphoneos;
				SUPPORTS_MACCATALYST = NO;
				TARGETED_DEVICE_FAMILY = 1;
			};
			name = Release;
		};
		4A6ECBABF24092FDBC15E219 /* Debug */ = {
			isa = XCBuildConfiguration;
			buildSettings = {
				BUNDLE_LOADER = "$(TEST_HOST)";
				GENERATE_INFOPLIST_FILE = YES;
				LD_RUNPATH_SEARCH_PATHS = (
					"$(inherited)",
					"@executable_path/Frameworks",
					"@loader_path/Frameworks",
				);
				PRODUCT_BUNDLE_IDENTIFIER = com.sidkrishnan.ParkAlongTests;
				SDKROOT = iphoneos;
				TARGETED_DEVICE_FAMILY = "1,2";
				TEST_HOST = "$(BUILT_PRODUCTS_DIR)/ParkAlong.app/ParkAlong";
			};
			name = Debug;
		};
		7733E269CFAA8C48C34C71B7 /* Release */ = {
			isa = XCBuildConfiguration;
			buildSettings = {
				BUNDLE_LOADER = "$(TEST_HOST)";
				GENERATE_INFOPLIST_FILE = YES;
				LD_RUNPATH_SEARCH_PATHS = (
					"$(inherited)",
					"@executable_path/Frameworks",
					"@loader_path/Frameworks",
				);
				PRODUCT_BUNDLE_IDENTIFIER = com.sidkrishnan.ParkAlongUITests;
				SDKROOT = iphoneos;
				TARGETED_DEVICE_FAMILY = "1,2";
				TEST_TARGET_NAME = ParkAlong;
			};
			name = Release;
		};
		94F1BF95658085A19FB17330 /* Release */ = {
			isa = XCBuildConfiguration;
			buildSettings = {
				ALWAYS_SEARCH_USER_PATHS = NO;
				ASSETCATALOG_COMPILER_GENERATE_SWIFT_ASSET_SYMBOL_EXTENSIONS = YES;
				CLANG_ANALYZER_NONNULL = YES;
				CLANG_ANALYZER_NUMBER_OBJECT_CONVERSION = YES_AGGRESSIVE;
				CLANG_CXX_LANGUAGE_STANDARD = "gnu++14";
				CLANG_CXX_LIBRARY = "libc++";
				CLANG_ENABLE_MODULES = YES;
				CLANG_ENABLE_OBJC_ARC = YES;
				CLANG_ENABLE_OBJC_WEAK = YES;
				CLANG_WARN_BLOCK_CAPTURE_AUTORELEASING = YES;
				CLANG_WARN_BOOL_CONVERSION = YES;
				CLANG_WARN_COMMA = YES;
				CLANG_WARN_CONSTANT_CONVERSION = YES;
				CLANG_WARN_DEPRECATED_OBJC_IMPLEMENTATIONS = YES;
				CLANG_WARN_DIRECT_OBJC_ISA_USAGE = YES_ERROR;
				CLANG_WARN_DOCUMENTATION_COMMENTS = YES;
				CLANG_WARN_EMPTY_BODY = YES;
				CLANG_WARN_ENUM_CONVERSION = YES;
				CLANG_WARN_INFINITE_RECURSION = YES;
				CLANG_WARN_INT_CONVERSION = YES;
				CLANG_WARN_NON_LITERAL_NULL_CONVERSION = YES;
				CLANG_WARN_OBJC_IMPLICIT_RETAIN_SELF = YES;
				CLANG_WARN_OBJC_LITERAL_CONVERSION = YES;
				CLANG_WARN_OBJC_ROOT_CLASS = YES_ERROR;
				CLANG_WARN_QUOTED_INCLUDE_IN_FRAMEWORK_HEADER = YES;
				CLANG_WARN_RANGE_LOOP_ANALYSIS = YES;
				CLANG_WARN_STRICT_PROTOTYPES = YES;
				CLANG_WARN_SUSPICIOUS_MOVE = YES;
				CLANG_WARN_UNGUARDED_AVAILABILITY = YES_AGGRESSIVE;
				CLANG_WARN_UNREACHABLE_CODE = YES;
				CLANG_WARN__DUPLICATE_METHOD_MATCH = YES;
				CODE_SIGN_STYLE = Automatic;
				COPY_PHASE_STRIP = NO;
				CURRENT_PROJECT_VERSION = 1;
				DEBUG_INFORMATION_FORMAT = "dwarf-with-dsym";
				ENABLE_NS_ASSERTIONS = NO;
				ENABLE_STRICT_OBJC_MSGSEND = YES;
				ENABLE_USER_SCRIPT_SANDBOXING = YES;
				GCC_C_LANGUAGE_STANDARD = gnu11;
				GCC_NO_COMMON_BLOCKS = YES;
				GCC_WARN_64_TO_32_BIT_CONVERSION = YES;
				GCC_WARN_ABOUT_RETURN_TYPE = YES_ERROR;
				GCC_WARN_UNDECLARED_SELECTOR = YES;
				GCC_WARN_UNINITIALIZED_AUTOS = YES_AGGRESSIVE;
				GCC_WARN_UNUSED_FUNCTION = YES;
				GCC_WARN_UNUSED_VARIABLE = YES;
				IPHONEOS_DEPLOYMENT_TARGET = 17.0;
				MARKETING_VERSION = 1.0;
				MTL_ENABLE_DEBUG_INFO = NO;
				MTL_FAST_MATH = YES;
				PRODUCT_NAME = "$(TARGET_NAME)";
				SDKROOT = iphoneos;
				SWIFT_COMPILATION_MODE = wholemodule;
				SWIFT_OPTIMIZATION_LEVEL = "-O";
				SWIFT_VERSION = 6.0;
			};
			name = Release;
		};
		C77022D831530E4108C35F4A /* Debug */ = {
			isa = XCBuildConfiguration;
			buildSettings = {
				ALWAYS_SEARCH_USER_PATHS = NO;
				ASSETCATALOG_COMPILER_GENERATE_SWIFT_ASSET_SYMBOL_EXTENSIONS = YES;
				CLANG_ANALYZER_NONNULL = YES;
				CLANG_ANALYZER_NUMBER_OBJECT_CONVERSION = YES_AGGRESSIVE;
				CLANG_CXX_LANGUAGE_STANDARD = "gnu++14";
				CLANG_CXX_LIBRARY = "libc++";
				CLANG_ENABLE_MODULES = YES;
				CLANG_ENABLE_OBJC_ARC = YES;
				CLANG_ENABLE_OBJC_WEAK = YES;
				CLANG_WARN_BLOCK_CAPTURE_AUTORELEASING = YES;
				CLANG_WARN_BOOL_CONVERSION = YES;
				CLANG_WARN_COMMA = YES;
				CLANG_WARN_CONSTANT_CONVERSION = YES;
				CLANG_WARN_DEPRECATED_OBJC_IMPLEMENTATIONS = YES;
				CLANG_WARN_DIRECT_OBJC_ISA_USAGE = YES_ERROR;
				CLANG_WARN_DOCUMENTATION_COMMENTS = YES;
				CLANG_WARN_EMPTY_BODY = YES;
				CLANG_WARN_ENUM_CONVERSION = YES;
				CLANG_WARN_INFINITE_RECURSION = YES;
				CLANG_WARN_INT_CONVERSION = YES;
				CLANG_WARN_NON_LITERAL_NULL_CONVERSION = YES;
				CLANG_WARN_OBJC_IMPLICIT_RETAIN_SELF = YES;
				CLANG_WARN_OBJC_LITERAL_CONVERSION = YES;
				CLANG_WARN_OBJC_ROOT_CLASS = YES_ERROR;
				CLANG_WARN_QUOTED_INCLUDE_IN_FRAMEWORK_HEADER = YES;
				CLANG_WARN_RANGE_LOOP_ANALYSIS = YES;
				CLANG_WARN_STRICT_PROTOTYPES = YES;
				CLANG_WARN_SUSPICIOUS_MOVE = YES;
				CLANG_WARN_UNGUARDED_AVAILABILITY = YES_AGGRESSIVE;
				CLANG_WARN_UNREACHABLE_CODE = YES;
				CLANG_WARN__DUPLICATE_METHOD_MATCH = YES;
				CODE_SIGN_STYLE = Automatic;
				COPY_PHASE_STRIP = NO;
				CURRENT_PROJECT_VERSION = 1;
				DEBUG_INFORMATION_FORMAT = dwarf;
				ENABLE_STRICT_OBJC_MSGSEND = YES;
				ENABLE_TESTABILITY = YES;
				ENABLE_USER_SCRIPT_SANDBOXING = YES;
				GCC_C_LANGUAGE_STANDARD = gnu11;
				GCC_DYNAMIC_NO_PIC = NO;
				GCC_NO_COMMON_BLOCKS = YES;
				GCC_OPTIMIZATION_LEVEL = 0;
				GCC_PREPROCESSOR_DEFINITIONS = (
					"$(inherited)",
					"DEBUG=1",
				);
				GCC_WARN_64_TO_32_BIT_CONVERSION = YES;
				GCC_WARN_ABOUT_RETURN_TYPE = YES_ERROR;
				GCC_WARN_UNDECLARED_SELECTOR = YES;
				GCC_WARN_UNINITIALIZED_AUTOS = YES_AGGRESSIVE;
				GCC_WARN_UNUSED_FUNCTION = YES;
				GCC_WARN_UNUSED_VARIABLE = YES;
				IPHONEOS_DEPLOYMENT_TARGET = 17.0;
				MARKETING_VERSION = 1.0;
				MTL_ENABLE_DEBUG_INFO = INCLUDE_SOURCE;
				MTL_FAST_MATH = YES;
				ONLY_ACTIVE_ARCH = YES;
				PRODUCT_NAME = "$(TARGET_NAME)";
				SDKROOT = iphoneos;
				SWIFT_ACTIVE_COMPILATION_CONDITIONS = DEBUG;
				SWIFT_OPTIMIZATION_LEVEL = "-Onone";
				SWIFT_VERSION = 6.0;
			};
			name = Debug;
		};
		E2E90A781F627CA6648FA671 /* Debug */ = {
			isa = XCBuildConfiguration;
			buildSettings = {
				ASSETCATALOG_COMPILER_APPICON_NAME = AppIcon;
				CODE_SIGN_IDENTITY = "iPhone Developer";
				GENERATE_INFOPLIST_FILE = YES;
				INFOPLIST_KEY_CFBundleDisplayName = ParkAlong;
				INFOPLIST_KEY_NSLocationWhenInUseUsageDescription = "Your location helps find parking near you. You can keep using destination search without it.";
				INFOPLIST_KEY_ParkAlongRemoteBaseURL = "$(PARKALONG_REMOTE_BASE_URL)";
				INFOPLIST_KEY_UIApplicationSceneManifest_Generation = YES;
				INFOPLIST_KEY_UILaunchScreen_Generation = YES;
				INFOPLIST_KEY_UISupportedInterfaceOrientations_iPhone = UIInterfaceOrientationPortrait;
				LD_RUNPATH_SEARCH_PATHS = (
					"$(inherited)",
					"@executable_path/Frameworks",
				);
				PARKALONG_REMOTE_BASE_URL = "";
				PRODUCT_BUNDLE_IDENTIFIER = com.sidkrishnan.ParkAlong;
				SDKROOT = iphoneos;
				SUPPORTS_MACCATALYST = NO;
				TARGETED_DEVICE_FAMILY = 1;
			};
			name = Debug;
		};
		E3FC48234693E07A3848F01B /* Debug */ = {
			isa = XCBuildConfiguration;
			buildSettings = {
				BUNDLE_LOADER = "$(TEST_HOST)";
				GENERATE_INFOPLIST_FILE = YES;
				LD_RUNPATH_SEARCH_PATHS = (
					"$(inherited)",
					"@executable_path/Frameworks",
					"@loader_path/Frameworks",
				);
				PRODUCT_BUNDLE_IDENTIFIER = com.sidkrishnan.ParkAlongUITests;
				SDKROOT = iphoneos;
				TARGETED_DEVICE_FAMILY = "1,2";
				TEST_TARGET_NAME = ParkAlong;
			};
			name = Debug;
		};
		FF81523D3C03603116161498 /* Release */ = {
			isa = XCBuildConfiguration;
			buildSettings = {
				BUNDLE_LOADER = "$(TEST_HOST)";
				GENERATE_INFOPLIST_FILE = YES;
				LD_RUNPATH_SEARCH_PATHS = (
					"$(inherited)",
					"@executable_path/Frameworks",
					"@loader_path/Frameworks",
				);
				PRODUCT_BUNDLE_IDENTIFIER = com.sidkrishnan.ParkAlongTests;
				SDKROOT = iphoneos;
				TARGETED_DEVICE_FAMILY = "1,2";
				TEST_HOST = "$(BUILT_PRODUCTS_DIR)/ParkAlong.app/ParkAlong";
			};
			name = Release;
		};
/* End XCBuildConfiguration section */

/* Begin XCConfigurationList section */
		70C846EEC8F6D6B29E4AB316 /* Build configuration list for PBXNativeTarget "ParkAlongTests" */ = {
			isa = XCConfigurationList;
			buildConfigurations = (
				4A6ECBABF24092FDBC15E219 /* Debug */,
				FF81523D3C03603116161498 /* Release */,
			);
			defaultConfigurationIsVisible = 0;
			defaultConfigurationName = Debug;
		};
		84E5CB22063F0D0A5B0FF524 /* Build configuration list for PBXProject "ParkAlong" */ = {
			isa = XCConfigurationList;
			buildConfigurations = (
				C77022D831530E4108C35F4A /* Debug */,
				94F1BF95658085A19FB17330 /* Release */,
			);
			defaultConfigurationIsVisible = 0;
			defaultConfigurationName = Debug;
		};
		E0BFBB7B0D1DE8E6FFABE3F1 /* Build configuration list for PBXNativeTarget "ParkAlongUITests" */ = {
			isa = XCConfigurationList;
			buildConfigurations = (
				E3FC48234693E07A3848F01B /* Debug */,
				7733E269CFAA8C48C34C71B7 /* Release */,
			);
			defaultConfigurationIsVisible = 0;
			defaultConfigurationName = Debug;
		};
		E83565DDD2E825F855A2EDD1 /* Build configuration list for PBXNativeTarget "ParkAlong" */ = {
			isa = XCConfigurationList;
			buildConfigurations = (
				E2E90A781F627CA6648FA671 /* Debug */,
				2158370B597EBC2BE94CAC6A /* Release */,
			);
			defaultConfigurationIsVisible = 0;
			defaultConfigurationName = Debug;
		};
/* End XCConfigurationList section */
	};
	rootObject = 17EDD926C9563DD65E2D3684 /* Project object */;
}
